// !$*UTF8*$!
{
	archiveVersion = 1;
	classes = {
	};
	objectVersion = 52;
	objects = {

/* Begin PBXBuildFile section */
		130BC27028397BCF002E3BCE /* PerKeySettingsView.swift in Sources */ = {isa = PBXBuildFile; fileRef = 130BC26F28397BCF002E3BCE /* PerKeySettingsView.swift */; };
		130BC27328397C96002E3BCE /* PerKeyKeyboardView.swift in Sources */ = {isa = PBXBuildFile; fileRef = 130BC27228397C96002E3BCE /* PerKeyKeyboardView.swift */; };
		130BC27528397CD3002E3BCE /* PerKeySettingsCore.swift in Sources */ = {isa = PBXBuildFile; fileRef = 130BC27428397CD3002E3BCE /* PerKeySettingsCore.swift */; };
		130BC27728397CE3002E3BCE /* PerKeyKeyboardCore.swift in Sources */ = {isa = PBXBuildFile; fileRef = 130BC27628397CE3002E3BCE /* PerKeyKeyboardCore.swift */; };
		130CD4BD2839FE910050F8D1 /* KeyView.swift in Sources */ = {isa = PBXBuildFile; fileRef = 130CD4BC2839FE910050F8D1 /* KeyView.swift */; };
		130CD4BF2839FE9A0050F8D1 /* KeyCore.swift in Sources */ = {isa = PBXBuildFile; fileRef = 130CD4BE2839FE9A0050F8D1 /* KeyCore.swift */; };
		13185A16277905AC00D881F5 /* CombineExt in Frameworks */ = {isa = PBXBuildFile; productRef = 13185A15277905AC00D881F5 /* CombineExt */; };
		1319711426F3DAD300471846 /* PrismUIApp.swift in Sources */ = {isa = PBXBuildFile; fileRef = 1319711326F3DAD300471846 /* PrismUIApp.swift */; };
		1319711826F3DAD400471846 /* Assets.xcassets in Resources */ = {isa = PBXBuildFile; fileRef = 1319711726F3DAD400471846 /* Assets.xcassets */; };
		1319711B26F3DAD400471846 /* Preview Assets.xcassets in Resources */ = {isa = PBXBuildFile; fileRef = 1319711A26F3DAD400471846 /* Preview Assets.xcassets */; };
		1319711D26F3DAD400471846 /* Persistence.swift in Sources */ = {isa = PBXBuildFile; fileRef = 1319711C26F3DAD400471846 /* Persistence.swift */; };
		1319712026F3DAD400471846 /* PrismUI.xcdatamodeld in Sources */ = {isa = PBXBuildFile; fileRef = 1319711E26F3DAD400471846 /* PrismUI.xcdatamodeld */; };
		131DBDC8275A992900BCD134 /* RGB+toHSB.swift in Sources */ = {isa = PBXBuildFile; fileRef = 131DBDC7275A992900BCD134 /* RGB+toHSB.swift */; };
		13334710277FACCA0070F058 /* ArrowThumbView.swift in Sources */ = {isa = PBXBuildFile; fileRef = 1333470F277FACCA0070F058 /* ArrowThumbView.swift */; };
		133E49C22776904C006B976B /* Colors.xcassets in Resources */ = {isa = PBXBuildFile; fileRef = 133E49C12776904C006B976B /* Colors.xcassets */; };
		133E49C427769071006B976B /* ColorManager.swift in Sources */ = {isa = PBXBuildFile; fileRef = 133E49C327769071006B976B /* ColorManager.swift */; };
		133E49C62776B58F006B976B /* PerKeyProperties+Layout.swift in Sources */ = {isa = PBXBuildFile; fileRef = 133E49C52776B58F006B976B /* PerKeyProperties+Layout.swift */; };
		134A7D0F283DA2AA00F3D8AF /* RGB+Color.swift in Sources */ = {isa = PBXBuildFile; fileRef = 134A7D0E283DA2AA00F3D8AF /* RGB+Color.swift */; };
		134A7D14283DABD500F3D8AF /* PrismDevice.swift in Sources */ = {isa = PBXBuildFile; fileRef = 134A7D13283DABD500F3D8AF /* PrismDevice.swift */; };
		134A7D16283DB25800F3D8AF /* PrismDevice+Live.swift in Sources */ = {isa = PBXBuildFile; fileRef = 134A7D15283DB25800F3D8AF /* PrismDevice+Live.swift */; };
		134A7D18283DBA9700F3D8AF /* PrismDevice+Mock.swift in Sources */ = {isa = PBXBuildFile; fileRef = 134A7D17283DBA9700F3D8AF /* PrismDevice+Mock.swift */; };
		135D562D27A1173B00BD8592 /* HSB+toRGB.swift in Sources */ = {isa = PBXBuildFile; fileRef = 135D562B27A1173B00BD8592 /* HSB+toRGB.swift */; };
		136D5F3B26F41FBB0003A744 /* DevicesView.swift in Sources */ = {isa = PBXBuildFile; fileRef = 136D5F3A26F41FBB0003A744 /* DevicesView.swift */; };
		1372CC9C27724F110093171A /* OrderedCollections in Frameworks */ = {isa = PBXBuildFile; productRef = 1372CC9B27724F110093171A /* OrderedCollections */; };
		1373595028483E4F000FFB1D /* HSB.swift in Sources */ = {isa = PBXBuildFile; fileRef = 1373594F28483E4F000FFB1D /* HSB.swift */; };
		137B872727779CE3003A4953 /* View+OnTouch.swift in Sources */ = {isa = PBXBuildFile; fileRef = 137B872627779CE3003A4953 /* View+OnTouch.swift */; };
		1395D91F2836EB93009D67B8 /* HIDCommunication+Mock.swift in Sources */ = {isa = PBXBuildFile; fileRef = 1395D91E2836EB93009D67B8 /* HIDCommunication+Mock.swift */; };
		1395D92228372267009D67B8 /* PerKeyDeviceView.swift in Sources */ = {isa = PBXBuildFile; fileRef = 1395D92128372267009D67B8 /* PerKeyDeviceView.swift */; };
		1395D92428372903009D67B8 /* PerKeyDeviceCore.swift in Sources */ = {isa = PBXBuildFile; fileRef = 1395D92328372903009D67B8 /* PerKeyDeviceCore.swift */; };
		1398CDBC2772FEB0005A0C4E /* MultiColorSlider.swift in Sources */ = {isa = PBXBuildFile; fileRef = 1398CDBB2772FEB0005A0C4E /* MultiColorSlider.swift */; };
		13A9933228362293001DB03A /* PrismClient.docc in Sources */ = {isa = PBXBuildFile; fileRef = 13A9933128362293001DB03A /* PrismClient.docc */; };
		13A9933328362293001DB03A /* PrismClient.h in Headers */ = {isa = PBXBuildFile; fileRef = 13A9933028362293001DB03A /* PrismClient.h */; settings = {ATTRIBUTES = (Public, ); }; };
		13A9933E283622C6001DB03A /* IOKit.framework in Frameworks */ = {isa = PBXBuildFile; fileRef = 13A9932728362276001DB03A /* IOKit.framework */; };
		13A9934B283627F8001DB03A /* ComposableArchitecture in Frameworks */ = {isa = PBXBuildFile; productRef = 13A9934A283627F8001DB03A /* ComposableArchitecture */; };
		13A9934C2836287F001DB03A /* PrismClient.framework in Frameworks */ = {isa = PBXBuildFile; fileRef = 13A9932E28362293001DB03A /* PrismClient.framework */; };
		13A9934D2836287F001DB03A /* PrismClient.framework in Embed Frameworks */ = {isa = PBXBuildFile; fileRef = 13A9932E28362293001DB03A /* PrismClient.framework */; settings = {ATTRIBUTES = (CodeSignOnCopy, RemoveHeadersOnCopy, ); }; };
		13A99374283628B6001DB03A /* Key.swift in Sources */ = {isa = PBXBuildFile; fileRef = 13A9935A283628B6001DB03A /* Key.swift */; };
		13A99375283628B6001DB03A /* PerKeyProperties+Constants.swift in Sources */ = {isa = PBXBuildFile; fileRef = 13A9935B283628B6001DB03A /* PerKeyProperties+Constants.swift */; };
		13A99379283628B7001DB03A /* PrismManagerClient+Live.swift in Sources */ = {isa = PBXBuildFile; fileRef = 13A99361283628B6001DB03A /* PrismManagerClient+Live.swift */; };
		13A9937A283628B7001DB03A /* PrismManagerClient+Mock.swift in Sources */ = {isa = PBXBuildFile; fileRef = 13A99362283628B6001DB03A /* PrismManagerClient+Mock.swift */; };
		13A9937B283628B7001DB03A /* PrismManagerClient.swift in Sources */ = {isa = PBXBuildFile; fileRef = 13A99363283628B6001DB03A /* PrismManagerClient.swift */; };
		13A9937C283628B7001DB03A /* RawDeviceProtocols.swift in Sources */ = {isa = PBXBuildFile; fileRef = 13A99365283628B6001DB03A /* RawDeviceProtocols.swift */; };
		13A9937D283628B7001DB03A /* Log.swift in Sources */ = {isa = PBXBuildFile; fileRef = 13A99366283628B6001DB03A /* Log.swift */; };
		13A9937E283628B7001DB03A /* RGB.swift in Sources */ = {isa = PBXBuildFile; fileRef = 13A99367283628B6001DB03A /* RGB.swift */; };
		13A9937F283628B7001DB03A /* RGB+Utils.swift in Sources */ = {isa = PBXBuildFile; fileRef = 13A99368283628B6001DB03A /* RGB+Utils.swift */; };
		13A99380283628B7001DB03A /* IOHIDDevice+FeatureReport.swift in Sources */ = {isa = PBXBuildFile; fileRef = 13A99369283628B6001DB03A /* IOHIDDevice+FeatureReport.swift */; };
		13A99381283628B7001DB03A /* IOHIDManager+Configure.swift in Sources */ = {isa = PBXBuildFile; fileRef = 13A9936A283628B6001DB03A /* IOHIDManager+Configure.swift */; };
		13A99382283628B7001DB03A /* IOHIDDevice+GetProperty.swift in Sources */ = {isa = PBXBuildFile; fileRef = 13A9936B283628B6001DB03A /* IOHIDDevice+GetProperty.swift */; };
		13A99383283628B7001DB03A /* IOHIDDevice+Write.swift in Sources */ = {isa = PBXBuildFile; fileRef = 13A9936C283628B6001DB03A /* IOHIDDevice+Write.swift */; };
		13B5B933283484B400D205FA /* DevicesCore.swift in Sources */ = {isa = PBXBuildFile; fileRef = 13B5B932283484B400D205FA /* DevicesCore.swift */; };
		13B9B9E8277182EA000A047A /* Key+Utils.swift in Sources */ = {isa = PBXBuildFile; fileRef = 13B9B9E7277182EA000A047A /* Key+Utils.swift */; };
		13D3EFC227A8931800B2B15F /* HSB+Color.swift in Sources */ = {isa = PBXBuildFile; fileRef = 13D3EFC127A8931800B2B15F /* HSB+Color.swift */; };
		13D3EFC927A8C9D500B2B15F /* ColorBoxView.swift in Sources */ = {isa = PBXBuildFile; fileRef = 13D3EFC827A8C9D500B2B15F /* ColorBoxView.swift */; };
		13D3EFCB27A8C9E600B2B15F /* ColorPickerView.swift in Sources */ = {isa = PBXBuildFile; fileRef = 13D3EFCA27A8C9E600B2B15F /* ColorPickerView.swift */; };
		13D3EFCE27A8CC1000B2B15F /* Then in Frameworks */ = {isa = PBXBuildFile; productRef = 13D3EFCD27A8CC1000B2B15F /* Then */; };
		13D3EFD027A8D19500B2B15F /* ColorHueSlider.swift in Sources */ = {isa = PBXBuildFile; fileRef = 13D3EFCF27A8D19500B2B15F /* ColorHueSlider.swift */; };
		13D43A0A284094E000FE6966 /* PerKeyControllerClient+Live.swift in Sources */ = {isa = PBXBuildFile; fileRef = 13D43A09284094E000FE6966 /* PerKeyControllerClient+Live.swift */; };
		13D43A0C284094EF00FE6966 /* PerKeyControllerClient+Mock.swift in Sources */ = {isa = PBXBuildFile; fileRef = 13D43A0B284094EF00FE6966 /* PerKeyControllerClient+Mock.swift */; };
		13D6594826F44D7300C1D39A /* PrismDevice+Ext.swift in Sources */ = {isa = PBXBuildFile; fileRef = 13D6594726F44D7300C1D39A /* PrismDevice+Ext.swift */; };
		13D6594F26F4618F00C1D39A /* DeviceRouter.swift in Sources */ = {isa = PBXBuildFile; fileRef = 13D6594E26F4618F00C1D39A /* DeviceRouter.swift */; };
		13DE078B283F24A800A8B12C /* PerKeyControllerClient.swift in Sources */ = {isa = PBXBuildFile; fileRef = 13DE078A283F24A800A8B12C /* PerKeyControllerClient.swift */; };
		13E513C127AA4849003CE038 /* PopUpColorPicker.swift in Sources */ = {isa = PBXBuildFile; fileRef = 13E513C027AA4849003CE038 /* PopUpColorPicker.swift */; };
		13F93074283C7FD1007734C0 /* Key+Effect.swift in Sources */ = {isa = PBXBuildFile; fileRef = 13F93073283C7FD1007734C0 /* Key+Effect.swift */; };
		13F9C8AF2773DE4600B5EE8C /* MathUtils.swift in Sources */ = {isa = PBXBuildFile; fileRef = 13F9C8AE2773DE4600B5EE8C /* MathUtils.swift */; };
/* End PBXBuildFile section */

/* Begin PBXContainerItemProxy section */
		13A9934E2836287F001DB03A /* PBXContainerItemProxy */ = {
			isa = PBXContainerItemProxy;
			containerPortal = 1319710826F3DAD300471846 /* Project object */;
			proxyType = 1;
			remoteGlobalIDString = 13A9932D28362293001DB03A;
			remoteInfo = PrismClient;
		};
/* End PBXContainerItemProxy section */

/* Begin PBXCopyFilesBuildPhase section */
		13A993502836287F001DB03A /* Embed Frameworks */ = {
			isa = PBXCopyFilesBuildPhase;
			buildActionMask = 2147483647;
			dstPath = "";
			dstSubfolderSpec = 10;
			files = (
				13A9934D2836287F001DB03A /* PrismClient.framework in Embed Frameworks */,
			);
			name = "Embed Frameworks";
			runOnlyForDeploymentPostprocessing = 0;
		};
/* End PBXCopyFilesBuildPhase section */

/* Begin PBXFileReference section */
		130BC26F28397BCF002E3BCE /* PerKeySettingsView.swift */ = {isa = PBXFileReference; lastKnownFileType = sourcecode.swift; path = PerKeySettingsView.swift; sourceTree = "<group>"; };
		130BC27228397C96002E3BCE /* PerKeyKeyboardView.swift */ = {isa = PBXFileReference; lastKnownFileType = sourcecode.swift; path = PerKeyKeyboardView.swift; sourceTree = "<group>"; };
		130BC27428397CD3002E3BCE /* PerKeySettingsCore.swift */ = {isa = PBXFileReference; lastKnownFileType = sourcecode.swift; path = PerKeySettingsCore.swift; sourceTree = "<group>"; };
		130BC27628397CE3002E3BCE /* PerKeyKeyboardCore.swift */ = {isa = PBXFileReference; lastKnownFileType = sourcecode.swift; path = PerKeyKeyboardCore.swift; sourceTree = "<group>"; };
		130CD4BC2839FE910050F8D1 /* KeyView.swift */ = {isa = PBXFileReference; lastKnownFileType = sourcecode.swift; path = KeyView.swift; sourceTree = "<group>"; };
		130CD4BE2839FE9A0050F8D1 /* KeyCore.swift */ = {isa = PBXFileReference; lastKnownFileType = sourcecode.swift; path = KeyCore.swift; sourceTree = "<group>"; };
		1319711026F3DAD300471846 /* PrismUI.app */ = {isa = PBXFileReference; explicitFileType = wrapper.application; includeInIndex = 0; path = PrismUI.app; sourceTree = BUILT_PRODUCTS_DIR; };
		1319711326F3DAD300471846 /* PrismUIApp.swift */ = {isa = PBXFileReference; lastKnownFileType = sourcecode.swift; path = PrismUIApp.swift; sourceTree = "<group>"; };
		1319711726F3DAD400471846 /* Assets.xcassets */ = {isa = PBXFileReference; lastKnownFileType = folder.assetcatalog; path = Assets.xcassets; sourceTree = "<group>"; };
		1319711A26F3DAD400471846 /* Preview Assets.xcassets */ = {isa = PBXFileReference; lastKnownFileType = folder.assetcatalog; path = "Preview Assets.xcassets"; sourceTree = "<group>"; };
		1319711C26F3DAD400471846 /* Persistence.swift */ = {isa = PBXFileReference; lastKnownFileType = sourcecode.swift; path = Persistence.swift; sourceTree = "<group>"; };
		1319711F26F3DAD400471846 /* PrismSwiftUI.xcdatamodel */ = {isa = PBXFileReference; lastKnownFileType = wrapper.xcdatamodel; path = PrismSwiftUI.xcdatamodel; sourceTree = "<group>"; };
		1319712126F3DAD400471846 /* Info.plist */ = {isa = PBXFileReference; lastKnownFileType = text.plist.xml; path = Info.plist; sourceTree = "<group>"; };
		1319712226F3DAD400471846 /* PrismUI.entitlements */ = {isa = PBXFileReference; lastKnownFileType = text.plist.entitlements; path = PrismUI.entitlements; sourceTree = "<group>"; };
		131DBDC7275A992900BCD134 /* RGB+toHSB.swift */ = {isa = PBXFileReference; lastKnownFileType = sourcecode.swift; path = "RGB+toHSB.swift"; sourceTree = "<group>"; };
		1333470F277FACCA0070F058 /* ArrowThumbView.swift */ = {isa = PBXFileReference; lastKnownFileType = sourcecode.swift; path = ArrowThumbView.swift; sourceTree = "<group>"; };
		133E49C12776904C006B976B /* Colors.xcassets */ = {isa = PBXFileReference; lastKnownFileType = folder.assetcatalog; path = Colors.xcassets; sourceTree = "<group>"; };
		133E49C327769071006B976B /* ColorManager.swift */ = {isa = PBXFileReference; lastKnownFileType = sourcecode.swift; path = ColorManager.swift; sourceTree = "<group>"; };
		133E49C52776B58F006B976B /* PerKeyProperties+Layout.swift */ = {isa = PBXFileReference; lastKnownFileType = sourcecode.swift; path = "PerKeyProperties+Layout.swift"; sourceTree = "<group>"; };
		134A7D0E283DA2AA00F3D8AF /* RGB+Color.swift */ = {isa = PBXFileReference; lastKnownFileType = sourcecode.swift; path = "RGB+Color.swift"; sourceTree = "<group>"; };
		134A7D13283DABD500F3D8AF /* PrismDevice.swift */ = {isa = PBXFileReference; lastKnownFileType = sourcecode.swift; path = PrismDevice.swift; sourceTree = "<group>"; };
		134A7D15283DB25800F3D8AF /* PrismDevice+Live.swift */ = {isa = PBXFileReference; lastKnownFileType = sourcecode.swift; path = "PrismDevice+Live.swift"; sourceTree = "<group>"; };
		134A7D17283DBA9700F3D8AF /* PrismDevice+Mock.swift */ = {isa = PBXFileReference; lastKnownFileType = sourcecode.swift; path = "PrismDevice+Mock.swift"; sourceTree = "<group>"; };
		135D562B27A1173B00BD8592 /* HSB+toRGB.swift */ = {isa = PBXFileReference; fileEncoding = 4; lastKnownFileType = sourcecode.swift; path = "HSB+toRGB.swift"; sourceTree = "<group>"; };
		136D5F3A26F41FBB0003A744 /* DevicesView.swift */ = {isa = PBXFileReference; lastKnownFileType = sourcecode.swift; path = DevicesView.swift; sourceTree = "<group>"; };
		1373594F28483E4F000FFB1D /* HSB.swift */ = {isa = PBXFileReference; fileEncoding = 4; lastKnownFileType = sourcecode.swift; path = HSB.swift; sourceTree = "<group>"; };
		137B872627779CE3003A4953 /* View+OnTouch.swift */ = {isa = PBXFileReference; lastKnownFileType = sourcecode.swift; path = "View+OnTouch.swift"; sourceTree = "<group>"; };
		1395D91E2836EB93009D67B8 /* HIDCommunication+Mock.swift */ = {isa = PBXFileReference; lastKnownFileType = sourcecode.swift; path = "HIDCommunication+Mock.swift"; sourceTree = "<group>"; };
		1395D92128372267009D67B8 /* PerKeyDeviceView.swift */ = {isa = PBXFileReference; lastKnownFileType = sourcecode.swift; path = PerKeyDeviceView.swift; sourceTree = "<group>"; };
		1395D92328372903009D67B8 /* PerKeyDeviceCore.swift */ = {isa = PBXFileReference; lastKnownFileType = sourcecode.swift; path = PerKeyDeviceCore.swift; sourceTree = "<group>"; };
		1398CDBB2772FEB0005A0C4E /* MultiColorSlider.swift */ = {isa = PBXFileReference; lastKnownFileType = sourcecode.swift; path = MultiColorSlider.swift; sourceTree = "<group>"; };
		13A9932728362276001DB03A /* IOKit.framework */ = {isa = PBXFileReference; lastKnownFileType = wrapper.framework; name = IOKit.framework; path = System/Library/Frameworks/IOKit.framework; sourceTree = SDKROOT; };
		13A9932E28362293001DB03A /* PrismClient.framework */ = {isa = PBXFileReference; explicitFileType = wrapper.framework; includeInIndex = 0; path = PrismClient.framework; sourceTree = BUILT_PRODUCTS_DIR; };
		13A9933028362293001DB03A /* PrismClient.h */ = {isa = PBXFileReference; lastKnownFileType = sourcecode.c.h; path = PrismClient.h; sourceTree = "<group>"; };
		13A9933128362293001DB03A /* PrismClient.docc */ = {isa = PBXFileReference; lastKnownFileType = folder.documentationcatalog; path = PrismClient.docc; sourceTree = "<group>"; };
		13A9935A283628B6001DB03A /* Key.swift */ = {isa = PBXFileReference; fileEncoding = 4; lastKnownFileType = sourcecode.swift; path = Key.swift; sourceTree = "<group>"; };
		13A9935B283628B6001DB03A /* PerKeyProperties+Constants.swift */ = {isa = PBXFileReference; fileEncoding = 4; lastKnownFileType = sourcecode.swift; path = "PerKeyProperties+Constants.swift"; sourceTree = "<group>"; };
		13A99361283628B6001DB03A /* PrismManagerClient+Live.swift */ = {isa = PBXFileReference; fileEncoding = 4; lastKnownFileType = sourcecode.swift; path = "PrismManagerClient+Live.swift"; sourceTree = "<group>"; };
		13A99362283628B6001DB03A /* PrismManagerClient+Mock.swift */ = {isa = PBXFileReference; fileEncoding = 4; lastKnownFileType = sourcecode.swift; path = "PrismManagerClient+Mock.swift"; sourceTree = "<group>"; };
		13A99363283628B6001DB03A /* PrismManagerClient.swift */ = {isa = PBXFileReference; fileEncoding = 4; lastKnownFileType = sourcecode.swift; path = PrismManagerClient.swift; sourceTree = "<group>"; };
		13A99365283628B6001DB03A /* RawDeviceProtocols.swift */ = {isa = PBXFileReference; fileEncoding = 4; lastKnownFileType = sourcecode.swift; path = RawDeviceProtocols.swift; sourceTree = "<group>"; };
		13A99366283628B6001DB03A /* Log.swift */ = {isa = PBXFileReference; fileEncoding = 4; lastKnownFileType = sourcecode.swift; path = Log.swift; sourceTree = "<group>"; };
		13A99367283628B6001DB03A /* RGB.swift */ = {isa = PBXFileReference; fileEncoding = 4; lastKnownFileType = sourcecode.swift; path = RGB.swift; sourceTree = "<group>"; };
		13A99368283628B6001DB03A /* RGB+Utils.swift */ = {isa = PBXFileReference; fileEncoding = 4; lastKnownFileType = sourcecode.swift; path = "RGB+Utils.swift"; sourceTree = "<group>"; };
		13A99369283628B6001DB03A /* IOHIDDevice+FeatureReport.swift */ = {isa = PBXFileReference; fileEncoding = 4; lastKnownFileType = sourcecode.swift; path = "IOHIDDevice+FeatureReport.swift"; sourceTree = "<group>"; };
		13A9936A283628B6001DB03A /* IOHIDManager+Configure.swift */ = {isa = PBXFileReference; fileEncoding = 4; lastKnownFileType = sourcecode.swift; path = "IOHIDManager+Configure.swift"; sourceTree = "<group>"; };
		13A9936B283628B6001DB03A /* IOHIDDevice+GetProperty.swift */ = {isa = PBXFileReference; fileEncoding = 4; lastKnownFileType = sourcecode.swift; path = "IOHIDDevice+GetProperty.swift"; sourceTree = "<group>"; };
		13A9936C283628B6001DB03A /* IOHIDDevice+Write.swift */ = {isa = PBXFileReference; fileEncoding = 4; lastKnownFileType = sourcecode.swift; path = "IOHIDDevice+Write.swift"; sourceTree = "<group>"; };
		13B5B932283484B400D205FA /* DevicesCore.swift */ = {isa = PBXFileReference; lastKnownFileType = sourcecode.swift; path = DevicesCore.swift; sourceTree = "<group>"; };
		13B9B9E7277182EA000A047A /* Key+Utils.swift */ = {isa = PBXFileReference; lastKnownFileType = sourcecode.swift; path = "Key+Utils.swift"; sourceTree = "<group>"; };
		13D3EFC127A8931800B2B15F /* HSB+Color.swift */ = {isa = PBXFileReference; lastKnownFileType = sourcecode.swift; path = "HSB+Color.swift"; sourceTree = "<group>"; };
		13D3EFC827A8C9D500B2B15F /* ColorBoxView.swift */ = {isa = PBXFileReference; lastKnownFileType = sourcecode.swift; path = ColorBoxView.swift; sourceTree = "<group>"; };
		13D3EFCA27A8C9E600B2B15F /* ColorPickerView.swift */ = {isa = PBXFileReference; lastKnownFileType = sourcecode.swift; path = ColorPickerView.swift; sourceTree = "<group>"; };
		13D3EFCF27A8D19500B2B15F /* ColorHueSlider.swift */ = {isa = PBXFileReference; lastKnownFileType = sourcecode.swift; path = ColorHueSlider.swift; sourceTree = "<group>"; };
		13D43A09284094E000FE6966 /* PerKeyControllerClient+Live.swift */ = {isa = PBXFileReference; lastKnownFileType = sourcecode.swift; path = "PerKeyControllerClient+Live.swift"; sourceTree = "<group>"; };
		13D43A0B284094EF00FE6966 /* PerKeyControllerClient+Mock.swift */ = {isa = PBXFileReference; lastKnownFileType = sourcecode.swift; path = "PerKeyControllerClient+Mock.swift"; sourceTree = "<group>"; };
		13D6594726F44D7300C1D39A /* PrismDevice+Ext.swift */ = {isa = PBXFileReference; lastKnownFileType = sourcecode.swift; path = "PrismDevice+Ext.swift"; sourceTree = "<group>"; };
		13D6594E26F4618F00C1D39A /* DeviceRouter.swift */ = {isa = PBXFileReference; lastKnownFileType = sourcecode.swift; path = DeviceRouter.swift; sourceTree = "<group>"; };
		13DE078A283F24A800A8B12C /* PerKeyControllerClient.swift */ = {isa = PBXFileReference; lastKnownFileType = sourcecode.swift; path = PerKeyControllerClient.swift; sourceTree = "<group>"; };
		13E513C027AA4849003CE038 /* PopUpColorPicker.swift */ = {isa = PBXFileReference; lastKnownFileType = sourcecode.swift; path = PopUpColorPicker.swift; sourceTree = "<group>"; };
		13F93073283C7FD1007734C0 /* Key+Effect.swift */ = {isa = PBXFileReference; lastKnownFileType = sourcecode.swift; path = "Key+Effect.swift"; sourceTree = "<group>"; };
		13F9C8AE2773DE4600B5EE8C /* MathUtils.swift */ = {isa = PBXFileReference; lastKnownFileType = sourcecode.swift; path = MathUtils.swift; sourceTree = "<group>"; };
/* End PBXFileReference section */

/* Begin PBXFrameworksBuildPhase section */
		1319710D26F3DAD300471846 /* Frameworks */ = {
			isa = PBXFrameworksBuildPhase;
			buildActionMask = 2147483647;
			files = (
				1372CC9C27724F110093171A /* OrderedCollections in Frameworks */,
				13185A16277905AC00D881F5 /* CombineExt in Frameworks */,
				13D3EFCE27A8CC1000B2B15F /* Then in Frameworks */,
				13A9934C2836287F001DB03A /* PrismClient.framework in Frameworks */,
			);
			runOnlyForDeploymentPostprocessing = 0;
		};
		13A9932B28362293001DB03A /* Frameworks */ = {
			isa = PBXFrameworksBuildPhase;
			buildActionMask = 2147483647;
			files = (
				13A9934B283627F8001DB03A /* ComposableArchitecture in Frameworks */,
				13A9933E283622C6001DB03A /* IOKit.framework in Frameworks */,
			);
			runOnlyForDeploymentPostprocessing = 0;
		};
/* End PBXFrameworksBuildPhase section */

/* Begin PBXGroup section */
		130BC27128397BDE002E3BCE /* PerKeyKeyboard */ = {
			isa = PBXGroup;
			children = (
				130BC27228397C96002E3BCE /* PerKeyKeyboardView.swift */,
				130BC27628397CE3002E3BCE /* PerKeyKeyboardCore.swift */,
			);
			path = PerKeyKeyboard;
			sourceTree = "<group>";
		};
		130CD4BB2839FE7D0050F8D1 /* Key */ = {
			isa = PBXGroup;
			children = (
				130CD4BC2839FE910050F8D1 /* KeyView.swift */,
				130CD4BE2839FE9A0050F8D1 /* KeyCore.swift */,
			);
			path = Key;
			sourceTree = "<group>";
		};
		1319710726F3DAD300471846 = {
			isa = PBXGroup;
			children = (
				1319711226F3DAD300471846 /* PrismUI */,
				13A9932F28362293001DB03A /* PrismClient */,
				1319711126F3DAD300471846 /* Products */,
				13DFD04326F3DBA200F4C273 /* Frameworks */,
			);
			sourceTree = "<group>";
		};
		1319711126F3DAD300471846 /* Products */ = {
			isa = PBXGroup;
			children = (
				1319711026F3DAD300471846 /* PrismUI.app */,
				13A9932E28362293001DB03A /* PrismClient.framework */,
			);
			name = Products;
			sourceTree = "<group>";
		};
		1319711226F3DAD300471846 /* PrismUI */ = {
			isa = PBXGroup;
			children = (
				1373594C28483E21000FFB1D /* Data */,
				136D5F3626F419040003A744 /* Application */,
				13E513C327AA5052003CE038 /* Supported Files */,
				13E513C227AA504C003CE038 /* Resources */,
				1319711926F3DAD400471846 /* Preview Content */,
				1319712126F3DAD400471846 /* Info.plist */,
				1319712226F3DAD400471846 /* PrismUI.entitlements */,
				1319711E26F3DAD400471846 /* PrismUI.xcdatamodeld */,
			);
			path = PrismUI;
			sourceTree = "<group>";
		};
		1319711926F3DAD400471846 /* Preview Content */ = {
			isa = PBXGroup;
			children = (
				1319711A26F3DAD400471846 /* Preview Assets.xcassets */,
			);
			path = "Preview Content";
			sourceTree = "<group>";
		};
		134A7D11283DAA7600F3D8AF /* PrismDeviceFeature */ = {
			isa = PBXGroup;
			children = (
				134A7D13283DABD500F3D8AF /* PrismDevice.swift */,
				134A7D15283DB25800F3D8AF /* PrismDevice+Live.swift */,
				134A7D17283DBA9700F3D8AF /* PrismDevice+Mock.swift */,
			);
			path = PrismDeviceFeature;
			sourceTree = "<group>";
		};
		134A7D19283DD8BD00F3D8AF /* PerKeyDeviceController */ = {
			isa = PBXGroup;
			children = (
				13DE078A283F24A800A8B12C /* PerKeyControllerClient.swift */,
				13D43A09284094E000FE6966 /* PerKeyControllerClient+Live.swift */,
				13D43A0B284094EF00FE6966 /* PerKeyControllerClient+Mock.swift */,
			);
			path = PerKeyDeviceController;
			sourceTree = "<group>";
		};
		136D5F3626F419040003A744 /* Application */ = {
			isa = PBXGroup;
			children = (
				1381F617276AAB9800BF526E /* Components */,
				13C25F8C2848290900B3832C /* Main */,
				13CB78B727585BDD00BC8F07 /* Devices */,
				13CB78B827585C0500BC8F07 /* Device */,
				1395D92028372244009D67B8 /* PerKeyDevice */,
			);
			path = Application;
			sourceTree = "<group>";
		};
		1373594C28483E21000FFB1D /* Data */ = {
			isa = PBXGroup;
			children = (
				1373594F28483E4F000FFB1D /* HSB.swift */,
			);
			path = Data;
			sourceTree = "<group>";
		};
		1381F617276AAB9800BF526E /* Components */ = {
			isa = PBXGroup;
			children = (
				13D3EFC527A8C76700B2B15F /* ColorPicker */,
				1398CDBA2772FE9F005A0C4E /* MultiColorSlider */,
				13E513C027AA4849003CE038 /* PopUpColorPicker.swift */,
			);
			path = Components;
			sourceTree = "<group>";
		};
		1395D92028372244009D67B8 /* PerKeyDevice */ = {
			isa = PBXGroup;
			children = (
				130CD4BB2839FE7D0050F8D1 /* Key */,
				130BC27128397BDE002E3BCE /* PerKeyKeyboard */,
				1395D92528372F6E009D67B8 /* PerKeySettings */,
				1395D92128372267009D67B8 /* PerKeyDeviceView.swift */,
				1395D92328372903009D67B8 /* PerKeyDeviceCore.swift */,
			);
			path = PerKeyDevice;
			sourceTree = "<group>";
		};
		1395D92528372F6E009D67B8 /* PerKeySettings */ = {
			isa = PBXGroup;
			children = (
				130BC26F28397BCF002E3BCE /* PerKeySettingsView.swift */,
				130BC27428397CD3002E3BCE /* PerKeySettingsCore.swift */,
			);
			path = PerKeySettings;
			sourceTree = "<group>";
		};
		1398CDBA2772FE9F005A0C4E /* MultiColorSlider */ = {
			isa = PBXGroup;
			children = (
				1398CDBB2772FEB0005A0C4E /* MultiColorSlider.swift */,
				1333470F277FACCA0070F058 /* ArrowThumbView.swift */,
			);
			path = MultiColorSlider;
			sourceTree = "<group>";
		};
		13A9932F28362293001DB03A /* PrismClient */ = {
			isa = PBXGroup;
			children = (
				134A7D19283DD8BD00F3D8AF /* PerKeyDeviceController */,
				134A7D11283DAA7600F3D8AF /* PrismDeviceFeature */,
				13A99360283628B6001DB03A /* PrismManagerFeature */,
				13A99351283628B6001DB03A /* Model */,
				13A99364283628B6001DB03A /* Utils */,
				13A9933028362293001DB03A /* PrismClient.h */,
				13A9933128362293001DB03A /* PrismClient.docc */,
			);
			path = PrismClient;
			sourceTree = "<group>";
		};
		13A99351283628B6001DB03A /* Model */ = {
			isa = PBXGroup;
			children = (
				13A9935B283628B6001DB03A /* PerKeyProperties+Constants.swift */,
				13A9935A283628B6001DB03A /* Key.swift */,
				13F93073283C7FD1007734C0 /* Key+Effect.swift */,
			);
			path = Model;
			sourceTree = "<group>";
		};
		13A99360283628B6001DB03A /* PrismManagerFeature */ = {
			isa = PBXGroup;
			children = (
				13A99363283628B6001DB03A /* PrismManagerClient.swift */,
				13A99361283628B6001DB03A /* PrismManagerClient+Live.swift */,
				13A99362283628B6001DB03A /* PrismManagerClient+Mock.swift */,
			);
			path = PrismManagerFeature;
			sourceTree = "<group>";
		};
		13A99364283628B6001DB03A /* Utils */ = {
			isa = PBXGroup;
			children = (
				1395D91E2836EB93009D67B8 /* HIDCommunication+Mock.swift */,
				13A99365283628B6001DB03A /* RawDeviceProtocols.swift */,
				13A99366283628B6001DB03A /* Log.swift */,
				13A99367283628B6001DB03A /* RGB.swift */,
				13A99368283628B6001DB03A /* RGB+Utils.swift */,
				13A99369283628B6001DB03A /* IOHIDDevice+FeatureReport.swift */,
				13A9936A283628B6001DB03A /* IOHIDManager+Configure.swift */,
				13A9936B283628B6001DB03A /* IOHIDDevice+GetProperty.swift */,
				13A9936C283628B6001DB03A /* IOHIDDevice+Write.swift */,
			);
			path = Utils;
			sourceTree = "<group>";
		};
		13C25F8C2848290900B3832C /* Main */ = {
			isa = PBXGroup;
			children = (
				1319711326F3DAD300471846 /* PrismUIApp.swift */,
			);
			path = Main;
			sourceTree = "<group>";
		};
		13CB78B727585BDD00BC8F07 /* Devices */ = {
			isa = PBXGroup;
			children = (
				13B5B932283484B400D205FA /* DevicesCore.swift */,
				136D5F3A26F41FBB0003A744 /* DevicesView.swift */,
			);
			path = Devices;
			sourceTree = "<group>";
		};
		13CB78B827585C0500BC8F07 /* Device */ = {
			isa = PBXGroup;
			children = (
				13D6594E26F4618F00C1D39A /* DeviceRouter.swift */,
			);
			path = Device;
			sourceTree = "<group>";
		};
		13D3EFC527A8C76700B2B15F /* ColorPicker */ = {
			isa = PBXGroup;
			children = (
				13D3EFCA27A8C9E600B2B15F /* ColorPickerView.swift */,
				13D3EFC827A8C9D500B2B15F /* ColorBoxView.swift */,
				13D3EFCF27A8D19500B2B15F /* ColorHueSlider.swift */,
			);
			path = ColorPicker;
			sourceTree = "<group>";
		};
		13DFD04326F3DBA200F4C273 /* Frameworks */ = {
			isa = PBXGroup;
			children = (
				13A9932728362276001DB03A /* IOKit.framework */,
			);
			name = Frameworks;
			sourceTree = "<group>";
		};
		13E513C227AA504C003CE038 /* Resources */ = {
			isa = PBXGroup;
			children = (
				1319711726F3DAD400471846 /* Assets.xcassets */,
				133E49C12776904C006B976B /* Colors.xcassets */,
			);
			path = Resources;
			sourceTree = "<group>";
		};
		13E513C327AA5052003CE038 /* Supported Files */ = {
			isa = PBXGroup;
			children = (
				1319711C26F3DAD400471846 /* Persistence.swift */,
				13F9C8AE2773DE4600B5EE8C /* MathUtils.swift */,
				133E49C327769071006B976B /* ColorManager.swift */,
				13E513C427AA5076003CE038 /* Extensions */,
			);
			path = "Supported Files";
			sourceTree = "<group>";
		};
		13E513C427AA5076003CE038 /* Extensions */ = {
			isa = PBXGroup;
			children = (
				13D3EFC127A8931800B2B15F /* HSB+Color.swift */,
				134A7D0E283DA2AA00F3D8AF /* RGB+Color.swift */,
				131DBDC7275A992900BCD134 /* RGB+toHSB.swift */,
				135D562B27A1173B00BD8592 /* HSB+toRGB.swift */,
				13B9B9E7277182EA000A047A /* Key+Utils.swift */,
				13D6594726F44D7300C1D39A /* PrismDevice+Ext.swift */,
				133E49C52776B58F006B976B /* PerKeyProperties+Layout.swift */,
				137B872627779CE3003A4953 /* View+OnTouch.swift */,
			);
			path = Extensions;
			sourceTree = "<group>";
		};
/* End PBXGroup section */

/* Begin PBXHeadersBuildPhase section */
		13A9932928362293001DB03A /* Headers */ = {
			isa = PBXHeadersBuildPhase;
			buildActionMask = 2147483647;
			files = (
				13A9933328362293001DB03A /* PrismClient.h in Headers */,
			);
			runOnlyForDeploymentPostprocessing = 0;
		};
/* End PBXHeadersBuildPhase section */

/* Begin PBXNativeTarget section */
		1319710F26F3DAD300471846 /* PrismUI */ = {
			isa = PBXNativeTarget;
			buildConfigurationList = 1319712526F3DAD400471846 /* Build configuration list for PBXNativeTarget "PrismUI" */;
			buildPhases = (
				1319710C26F3DAD300471846 /* Sources */,
				1319710D26F3DAD300471846 /* Frameworks */,
				1319710E26F3DAD300471846 /* Resources */,
				13A993502836287F001DB03A /* Embed Frameworks */,
			);
			buildRules = (
			);
			dependencies = (
				13A9934F2836287F001DB03A /* PBXTargetDependency */,
			);
			name = PrismUI;
			packageProductDependencies = (
				1372CC9B27724F110093171A /* OrderedCollections */,
				13185A15277905AC00D881F5 /* CombineExt */,
				13D3EFCD27A8CC1000B2B15F /* Then */,
			);
			productName = PrismSwiftUI;
			productReference = 1319711026F3DAD300471846 /* PrismUI.app */;
			productType = "com.apple.product-type.application";
		};
		13A9932D28362293001DB03A /* PrismClient */ = {
			isa = PBXNativeTarget;
			buildConfigurationList = 13A9933828362293001DB03A /* Build configuration list for PBXNativeTarget "PrismClient" */;
			buildPhases = (
				13A9932928362293001DB03A /* Headers */,
				13A9932A28362293001DB03A /* Sources */,
				13A9932B28362293001DB03A /* Frameworks */,
				13A9932C28362293001DB03A /* Resources */,
			);
			buildRules = (
			);
			dependencies = (
			);
			name = PrismClient;
			packageProductDependencies = (
				13A9934A283627F8001DB03A /* ComposableArchitecture */,
			);
			productName = PrismClient;
			productReference = 13A9932E28362293001DB03A /* PrismClient.framework */;
			productType = "com.apple.product-type.framework";
		};
/* End PBXNativeTarget section */

/* Begin PBXProject section */
		1319710826F3DAD300471846 /* Project object */ = {
			isa = PBXProject;
			attributes = {
				LastSwiftUpdateCheck = 1250;
				LastUpgradeCheck = 1320;
				TargetAttributes = {
					1319710F26F3DAD300471846 = {
						CreatedOnToolsVersion = 12.5.1;
					};
					13A9932D28362293001DB03A = {
						CreatedOnToolsVersion = 13.2.1;
					};
				};
			};
			buildConfigurationList = 1319710B26F3DAD300471846 /* Build configuration list for PBXProject "PrismUI" */;
			compatibilityVersion = "Xcode 9.3";
			developmentRegion = en;
			hasScannedForEncodings = 0;
			knownRegions = (
				en,
				Base,
			);
			mainGroup = 1319710726F3DAD300471846;
			packageReferences = (
				136D5F3226F415980003A744 /* XCRemoteSwiftPackageReference "Sparkle" */,
				1372CC9A27724F110093171A /* XCRemoteSwiftPackageReference "swift-collections" */,
				13185A14277905AC00D881F5 /* XCRemoteSwiftPackageReference "CombineExt" */,
				13D3EFCC27A8CC1000B2B15F /* XCRemoteSwiftPackageReference "Then" */,
				13A99349283627F8001DB03A /* XCRemoteSwiftPackageReference "swift-composable-architecture" */,
			);
			productRefGroup = 1319711126F3DAD300471846 /* Products */;
			projectDirPath = "";
			projectRoot = "";
			targets = (
				1319710F26F3DAD300471846 /* PrismUI */,
				13A9932D28362293001DB03A /* PrismClient */,
			);
		};
/* End PBXProject section */

/* Begin PBXResourcesBuildPhase section */
		1319710E26F3DAD300471846 /* Resources */ = {
			isa = PBXResourcesBuildPhase;
			buildActionMask = 2147483647;
			files = (
				133E49C22776904C006B976B /* Colors.xcassets in Resources */,
				1319711B26F3DAD400471846 /* Preview Assets.xcassets in Resources */,
				1319711826F3DAD400471846 /* Assets.xcassets in Resources */,
			);
			runOnlyForDeploymentPostprocessing = 0;
		};
		13A9932C28362293001DB03A /* Resources */ = {
			isa = PBXResourcesBuildPhase;
			buildActionMask = 2147483647;
			files = (
			);
			runOnlyForDeploymentPostprocessing = 0;
		};
/* End PBXResourcesBuildPhase section */

/* Begin PBXSourcesBuildPhase section */
		1319710C26F3DAD300471846 /* Sources */ = {
			isa = PBXSourcesBuildPhase;
			buildActionMask = 2147483647;
			files = (
				1395D92228372267009D67B8 /* PerKeyDeviceView.swift in Sources */,
				1319711D26F3DAD400471846 /* Persistence.swift in Sources */,
				135D562D27A1173B00BD8592 /* HSB+toRGB.swift in Sources */,
				13D3EFD027A8D19500B2B15F /* ColorHueSlider.swift in Sources */,
				13D3EFCB27A8C9E600B2B15F /* ColorPickerView.swift in Sources */,
				130BC27728397CE3002E3BCE /* PerKeyKeyboardCore.swift in Sources */,
				130BC27028397BCF002E3BCE /* PerKeySettingsView.swift in Sources */,
				13D6594826F44D7300C1D39A /* PrismDevice+Ext.swift in Sources */,
				13B5B933283484B400D205FA /* DevicesCore.swift in Sources */,
				1319711426F3DAD300471846 /* PrismUIApp.swift in Sources */,
				137B872727779CE3003A4953 /* View+OnTouch.swift in Sources */,
				13E513C127AA4849003CE038 /* PopUpColorPicker.swift in Sources */,
				1373595028483E4F000FFB1D /* HSB.swift in Sources */,
				134A7D0F283DA2AA00F3D8AF /* RGB+Color.swift in Sources */,
				136D5F3B26F41FBB0003A744 /* DevicesView.swift in Sources */,
				130CD4BF2839FE9A0050F8D1 /* KeyCore.swift in Sources */,
				130BC27528397CD3002E3BCE /* PerKeySettingsCore.swift in Sources */,
				133E49C427769071006B976B /* ColorManager.swift in Sources */,
				1319712026F3DAD400471846 /* PrismUI.xcdatamodeld in Sources */,
				1395D92428372903009D67B8 /* PerKeyDeviceCore.swift in Sources */,
				130CD4BD2839FE910050F8D1 /* KeyView.swift in Sources */,
				13D3EFC927A8C9D500B2B15F /* ColorBoxView.swift in Sources */,
				13334710277FACCA0070F058 /* ArrowThumbView.swift in Sources */,
				13B9B9E8277182EA000A047A /* Key+Utils.swift in Sources */,
				1398CDBC2772FEB0005A0C4E /* MultiColorSlider.swift in Sources */,
				13D6594F26F4618F00C1D39A /* DeviceRouter.swift in Sources */,
				13D3EFC227A8931800B2B15F /* HSB+Color.swift in Sources */,
				130BC27328397C96002E3BCE /* PerKeyKeyboardView.swift in Sources */,
				133E49C62776B58F006B976B /* PerKeyProperties+Layout.swift in Sources */,
				13F9C8AF2773DE4600B5EE8C /* MathUtils.swift in Sources */,
				131DBDC8275A992900BCD134 /* RGB+toHSB.swift in Sources */,
			);
			runOnlyForDeploymentPostprocessing = 0;
		};
		13A9932A28362293001DB03A /* Sources */ = {
			isa = PBXSourcesBuildPhase;
			buildActionMask = 2147483647;
			files = (
				13A99375283628B6001DB03A /* PerKeyProperties+Constants.swift in Sources */,
				13D43A0A284094E000FE6966 /* PerKeyControllerClient+Live.swift in Sources */,
				13A9937A283628B7001DB03A /* PrismManagerClient+Mock.swift in Sources */,
				13A9937D283628B7001DB03A /* Log.swift in Sources */,
				1395D91F2836EB93009D67B8 /* HIDCommunication+Mock.swift in Sources */,
				13A9937B283628B7001DB03A /* PrismManagerClient.swift in Sources */,
				134A7D16283DB25800F3D8AF /* PrismDevice+Live.swift in Sources */,
				13A99383283628B7001DB03A /* IOHIDDevice+Write.swift in Sources */,
				13A99380283628B7001DB03A /* IOHIDDevice+FeatureReport.swift in Sources */,
				13DE078B283F24A800A8B12C /* PerKeyControllerClient.swift in Sources */,
				13A99381283628B7001DB03A /* IOHIDManager+Configure.swift in Sources */,
				13F93074283C7FD1007734C0 /* Key+Effect.swift in Sources */,
				13A9933228362293001DB03A /* PrismClient.docc in Sources */,
				134A7D14283DABD500F3D8AF /* PrismDevice.swift in Sources */,
				134A7D18283DBA9700F3D8AF /* PrismDevice+Mock.swift in Sources */,
				13A9937C283628B7001DB03A /* RawDeviceProtocols.swift in Sources */,
				13A9937F283628B7001DB03A /* RGB+Utils.swift in Sources */,
				13A9937E283628B7001DB03A /* RGB.swift in Sources */,
				13D43A0C284094EF00FE6966 /* PerKeyControllerClient+Mock.swift in Sources */,
				13A99374283628B6001DB03A /* Key.swift in Sources */,
				13A99379283628B7001DB03A /* PrismManagerClient+Live.swift in Sources */,
				13A99382283628B7001DB03A /* IOHIDDevice+GetProperty.swift in Sources */,
			);
			runOnlyForDeploymentPostprocessing = 0;
		};
/* End PBXSourcesBuildPhase section */

/* Begin PBXTargetDependency section */
		13A9934F2836287F001DB03A /* PBXTargetDependency */ = {
			isa = PBXTargetDependency;
			target = 13A9932D28362293001DB03A /* PrismClient */;
			targetProxy = 13A9934E2836287F001DB03A /* PBXContainerItemProxy */;
		};
/* End PBXTargetDependency section */

/* Begin XCBuildConfiguration section */
		1319712326F3DAD400471846 /* Debug */ = {
			isa = XCBuildConfiguration;
			buildSettings = {
				ALWAYS_SEARCH_USER_PATHS = NO;
				CLANG_ANALYZER_NONNULL = YES;
				CLANG_ANALYZER_NUMBER_OBJECT_CONVERSION = YES_AGGRESSIVE;
				CLANG_CXX_LANGUAGE_STANDARD = "gnu++14";
				CLANG_CXX_LIBRARY = "libc++";
				CLANG_ENABLE_MODULES = YES;
				CLANG_ENABLE_OBJC_ARC = YES;
				CLANG_ENABLE_OBJC_WEAK = YES;
				CLANG_WARN_BLOCK_CAPTURE_AUTORELEASING = YES;
				CLANG_WARN_BOOL_CONVERSION = YES;
				CLANG_WARN_COMMA = YES;
				CLANG_WARN_CONSTANT_CONVERSION = YES;
				CLANG_WARN_DEPRECATED_OBJC_IMPLEMENTATIONS = YES;
				CLANG_WARN_DIRECT_OBJC_ISA_USAGE = YES_ERROR;
				CLANG_WARN_DOCUMENTATION_COMMENTS = YES;
				CLANG_WARN_EMPTY_BODY = YES;
				CLANG_WARN_ENUM_CONVERSION = YES;
				CLANG_WARN_INFINITE_RECURSION = YES;
				CLANG_WARN_INT_CONVERSION = YES;
				CLANG_WARN_NON_LITERAL_NULL_CONVERSION = YES;
				CLANG_WARN_OBJC_IMPLICIT_RETAIN_SELF = YES;
				CLANG_WARN_OBJC_LITERAL_CONVERSION = YES;
				CLANG_WARN_OBJC_ROOT_CLASS = YES_ERROR;
				CLANG_WARN_QUOTED_INCLUDE_IN_FRAMEWORK_HEADER = YES;
				CLANG_WARN_RANGE_LOOP_ANALYSIS = YES;
				CLANG_WARN_STRICT_PROTOTYPES = YES;
				CLANG_WARN_SUSPICIOUS_MOVE = YES;
				CLANG_WARN_UNGUARDED_AVAILABILITY = YES_AGGRESSIVE;
				CLANG_WARN_UNREACHABLE_CODE = YES;
				CLANG_WARN__DUPLICATE_METHOD_MATCH = YES;
				COPY_PHASE_STRIP = NO;
				DEBUG_INFORMATION_FORMAT = dwarf;
				ENABLE_STRICT_OBJC_MSGSEND = YES;
				ENABLE_TESTABILITY = YES;
				GCC_C_LANGUAGE_STANDARD = gnu11;
				GCC_DYNAMIC_NO_PIC = NO;
				GCC_NO_COMMON_BLOCKS = YES;
				GCC_OPTIMIZATION_LEVEL = 0;
				GCC_PREPROCESSOR_DEFINITIONS = (
					"DEBUG=1",
					"$(inherited)",
				);
				GCC_WARN_64_TO_32_BIT_CONVERSION = YES;
				GCC_WARN_ABOUT_RETURN_TYPE = YES_ERROR;
				GCC_WARN_UNDECLARED_SELECTOR = YES;
				GCC_WARN_UNINITIALIZED_AUTOS = YES_AGGRESSIVE;
				GCC_WARN_UNUSED_FUNCTION = YES;
				GCC_WARN_UNUSED_VARIABLE = YES;
				MACOSX_DEPLOYMENT_TARGET = 11.3;
				MTL_ENABLE_DEBUG_INFO = INCLUDE_SOURCE;
				MTL_FAST_MATH = YES;
				ONLY_ACTIVE_ARCH = YES;
				SDKROOT = macosx;
				SWIFT_ACTIVE_COMPILATION_CONDITIONS = DEBUG;
				SWIFT_OPTIMIZATION_LEVEL = "-Onone";
			};
			name = Debug;
		};
		1319712426F3DAD400471846 /* Release */ = {
			isa = XCBuildConfiguration;
			buildSettings = {
				ALWAYS_SEARCH_USER_PATHS = NO;
				CLANG_ANALYZER_NONNULL = YES;
				CLANG_ANALYZER_NUMBER_OBJECT_CONVERSION = YES_AGGRESSIVE;
				CLANG_CXX_LANGUAGE_STANDARD = "gnu++14";
				CLANG_CXX_LIBRARY = "libc++";
				CLANG_ENABLE_MODULES = YES;
				CLANG_ENABLE_OBJC_ARC = YES;
				CLANG_ENABLE_OBJC_WEAK = YES;
				CLANG_WARN_BLOCK_CAPTURE_AUTORELEASING = YES;
				CLANG_WARN_BOOL_CONVERSION = YES;
				CLANG_WARN_COMMA = YES;
				CLANG_WARN_CONSTANT_CONVERSION = YES;
				CLANG_WARN_DEPRECATED_OBJC_IMPLEMENTATIONS = YES;
				CLANG_WARN_DIRECT_OBJC_ISA_USAGE = YES_ERROR;
				CLANG_WARN_DOCUMENTATION_COMMENTS = YES;
				CLANG_WARN_EMPTY_BODY = YES;
				CLANG_WARN_ENUM_CONVERSION = YES;
				CLANG_WARN_INFINITE_RECURSION = YES;
				CLANG_WARN_INT_CONVERSION = YES;
				CLANG_WARN_NON_LITERAL_NULL_CONVERSION = YES;
				CLANG_WARN_OBJC_IMPLICIT_RETAIN_SELF = YES;
				CLANG_WARN_OBJC_LITERAL_CONVERSION = YES;
				CLANG_WARN_OBJC_ROOT_CLASS = YES_ERROR;
				CLANG_WARN_QUOTED_INCLUDE_IN_FRAMEWORK_HEADER = YES;
				CLANG_WARN_RANGE_LOOP_ANALYSIS = YES;
				CLANG_WARN_STRICT_PROTOTYPES = YES;
				CLANG_WARN_SUSPICIOUS_MOVE = YES;
				CLANG_WARN_UNGUARDED_AVAILABILITY = YES_AGGRESSIVE;
				CLANG_WARN_UNREACHABLE_CODE = YES;
				CLANG_WARN__DUPLICATE_METHOD_MATCH = YES;
				COPY_PHASE_STRIP = NO;
				DEBUG_INFORMATION_FORMAT = "dwarf-with-dsym";
				ENABLE_NS_ASSERTIONS = NO;
				ENABLE_STRICT_OBJC_MSGSEND = YES;
				GCC_C_LANGUAGE_STANDARD = gnu11;
				GCC_NO_COMMON_BLOCKS = YES;
				GCC_WARN_64_TO_32_BIT_CONVERSION = YES;
				GCC_WARN_ABOUT_RETURN_TYPE = YES_ERROR;
				GCC_WARN_UNDECLARED_SELECTOR = YES;
				GCC_WARN_UNINITIALIZED_AUTOS = YES_AGGRESSIVE;
				GCC_WARN_UNUSED_FUNCTION = YES;
				GCC_WARN_UNUSED_VARIABLE = YES;
				MACOSX_DEPLOYMENT_TARGET = 11.3;
				MTL_ENABLE_DEBUG_INFO = NO;
				MTL_FAST_MATH = YES;
				SDKROOT = macosx;
				SWIFT_COMPILATION_MODE = wholemodule;
				SWIFT_OPTIMIZATION_LEVEL = "-O";
			};
			name = Release;
		};
		1319712626F3DAD400471846 /* Debug */ = {
			isa = XCBuildConfiguration;
			buildSettings = {
				ALWAYS_EMBED_SWIFT_STANDARD_LIBRARIES = YES;
				ASSETCATALOG_COMPILER_APPICON_NAME = AppIcon;
				ASSETCATALOG_COMPILER_GLOBAL_ACCENT_COLOR_NAME = AccentColor;
				CODE_SIGN_ENTITLEMENTS = PrismUI/PrismUI.entitlements;
				CODE_SIGN_IDENTITY = "-";
				CODE_SIGN_STYLE = Automatic;
				COMBINE_HIDPI_IMAGES = YES;
				DEVELOPMENT_ASSET_PATHS = "\"PrismUI/Preview Content\"";
				ENABLE_PREVIEWS = YES;
				INFOPLIST_FILE = PrismUI/Info.plist;
				LD_RUNPATH_SEARCH_PATHS = (
					"$(inherited)",
					"@executable_path/../Frameworks",
				);
				MACOSX_DEPLOYMENT_TARGET = 11.0;
				PRODUCT_BUNDLE_IDENTIFIER = com.errorerrorerror.PrismUI;
				PRODUCT_NAME = "$(TARGET_NAME)";
				SWIFT_VERSION = 5.0;
			};
			name = Debug;
		};
		1319712726F3DAD400471846 /* Release */ = {
			isa = XCBuildConfiguration;
			buildSettings = {
				ALWAYS_EMBED_SWIFT_STANDARD_LIBRARIES = YES;
				ASSETCATALOG_COMPILER_APPICON_NAME = AppIcon;
				ASSETCATALOG_COMPILER_GLOBAL_ACCENT_COLOR_NAME = AccentColor;
				CODE_SIGN_ENTITLEMENTS = PrismUI/PrismUI.entitlements;
				CODE_SIGN_IDENTITY = "-";
				CODE_SIGN_STYLE = Automatic;
				COMBINE_HIDPI_IMAGES = YES;
				DEVELOPMENT_ASSET_PATHS = "\"PrismUI/Preview Content\"";
				ENABLE_PREVIEWS = YES;
				INFOPLIST_FILE = PrismUI/Info.plist;
				LD_RUNPATH_SEARCH_PATHS = (
					"$(inherited)",
					"@executable_path/../Frameworks",
				);
				MACOSX_DEPLOYMENT_TARGET = 11.0;
				PRODUCT_BUNDLE_IDENTIFIER = com.errorerrorerror.PrismUI;
				PRODUCT_NAME = "$(TARGET_NAME)";
				SWIFT_VERSION = 5.0;
			};
			name = Release;
		};
		13A9933928362293001DB03A /* Debug */ = {
			isa = XCBuildConfiguration;
			buildSettings = {
				CLANG_CXX_LANGUAGE_STANDARD = "gnu++17";
				CODE_SIGN_IDENTITY = "-";
				CODE_SIGN_STYLE = Automatic;
				COMBINE_HIDPI_IMAGES = YES;
				CURRENT_PROJECT_VERSION = 1;
				DEFINES_MODULE = YES;
				DYLIB_COMPATIBILITY_VERSION = 1;
				DYLIB_CURRENT_VERSION = 1;
				DYLIB_INSTALL_NAME_BASE = "@rpath";
				GENERATE_INFOPLIST_FILE = YES;
				INFOPLIST_KEY_NSHumanReadableCopyright = "";
				INSTALL_PATH = "$(LOCAL_LIBRARY_DIR)/Frameworks";
				LD_RUNPATH_SEARCH_PATHS = (
					"$(inherited)",
					"@executable_path/../Frameworks",
					"@loader_path/Frameworks",
				);
				MACOSX_DEPLOYMENT_TARGET = 11.0;
				MARKETING_VERSION = 1.0;
				PRODUCT_BUNDLE_IDENTIFIER = com.errorerrorerror.PrismClient;
				PRODUCT_NAME = "$(TARGET_NAME:c99extidentifier)";
				SKIP_INSTALL = YES;
				SWIFT_EMIT_LOC_STRINGS = YES;
				SWIFT_VERSION = 5.0;
				VERSIONING_SYSTEM = "apple-generic";
				VERSION_INFO_PREFIX = "";
			};
			name = Debug;
		};
		13A9933A28362293001DB03A /* Release */ = {
			isa = XCBuildConfiguration;
			buildSettings = {
				CLANG_CXX_LANGUAGE_STANDARD = "gnu++17";
				CODE_SIGN_IDENTITY = "-";
				CODE_SIGN_STYLE = Automatic;
				COMBINE_HIDPI_IMAGES = YES;
				CURRENT_PROJECT_VERSION = 1;
				DEFINES_MODULE = YES;
				DYLIB_COMPATIBILITY_VERSION = 1;
				DYLIB_CURRENT_VERSION = 1;
				DYLIB_INSTALL_NAME_BASE = "@rpath";
				GENERATE_INFOPLIST_FILE = YES;
				INFOPLIST_KEY_NSHumanReadableCopyright = "";
				INSTALL_PATH = "$(LOCAL_LIBRARY_DIR)/Frameworks";
				LD_RUNPATH_SEARCH_PATHS = (
					"$(inherited)",
					"@executable_path/../Frameworks",
					"@loader_path/Frameworks",
				);
				MACOSX_DEPLOYMENT_TARGET = 11.0;
				MARKETING_VERSION = 1.0;
				PRODUCT_BUNDLE_IDENTIFIER = com.errorerrorerror.PrismClient;
				PRODUCT_NAME = "$(TARGET_NAME:c99extidentifier)";
				SKIP_INSTALL = YES;
				SWIFT_EMIT_LOC_STRINGS = YES;
				SWIFT_VERSION = 5.0;
				VERSIONING_SYSTEM = "apple-generic";
				VERSION_INFO_PREFIX = "";
			};
			name = Release;
		};
/* End XCBuildConfiguration section */

/* Begin XCConfigurationList section */
		1319710B26F3DAD300471846 /* Build configuration list for PBXProject "PrismUI" */ = {
			isa = XCConfigurationList;
			buildConfigurations = (
				1319712326F3DAD400471846 /* Debug */,
				1319712426F3DAD400471846 /* Release */,
			);
			defaultConfigurationIsVisible = 0;
			defaultConfigurationName = Release;
		};
		1319712526F3DAD400471846 /* Build configuration list for PBXNativeTarget "PrismUI" */ = {
			isa = XCConfigurationList;
			buildConfigurations = (
				1319712626F3DAD400471846 /* Debug */,
				1319712726F3DAD400471846 /* Release */,
			);
			defaultConfigurationIsVisible = 0;
			defaultConfigurationName = Release;
		};
		13A9933828362293001DB03A /* Build configuration list for PBXNativeTarget "PrismClient" */ = {
			isa = XCConfigurationList;
			buildConfigurations = (
				13A9933928362293001DB03A /* Debug */,
				13A9933A28362293001DB03A /* Release */,
			);
			defaultConfigurationIsVisible = 0;
			defaultConfigurationName = Release;
		};
/* End XCConfigurationList section */

/* Begin XCRemoteSwiftPackageReference section */
		13185A14277905AC00D881F5 /* XCRemoteSwiftPackageReference "CombineExt" */ = {
			isa = XCRemoteSwiftPackageReference;
			repositoryURL = "https://github.com/CombineCommunity/CombineExt";
			requirement = {
				kind = upToNextMajorVersion;
				minimumVersion = 1.0.0;
			};
		};
		136D5F3226F415980003A744 /* XCRemoteSwiftPackageReference "Sparkle" */ = {
			isa = XCRemoteSwiftPackageReference;
			repositoryURL = "https://github.com/sparkle-project/Sparkle.git";
			requirement = {
				kind = upToNextMajorVersion;
				minimumVersion = 1.26.0;
			};
		};
		1372CC9A27724F110093171A /* XCRemoteSwiftPackageReference "swift-collections" */ = {
			isa = XCRemoteSwiftPackageReference;
			repositoryURL = "https://github.com/apple/swift-collections.git";
			requirement = {
				kind = upToNextMajorVersion;
				minimumVersion = 1.0.0;
			};
		};
		13A99349283627F8001DB03A /* XCRemoteSwiftPackageReference "swift-composable-architecture" */ = {
			isa = XCRemoteSwiftPackageReference;
			repositoryURL = "https://github.com/pointfreeco/swift-composable-architecture.git";
			requirement = {
				branch = main;
				kind = branch;
			};
		};
		13D3EFCC27A8CC1000B2B15F /* XCRemoteSwiftPackageReference "Then" */ = {
			isa = XCRemoteSwiftPackageReference;
			repositoryURL = "https://github.com/devxoul/Then";
			requirement = {
				branch = master;
				kind = branch;
			};
		};
/* End XCRemoteSwiftPackageReference section */

/* Begin XCSwiftPackageProductDependency section */
		13185A15277905AC00D881F5 /* CombineExt */ = {
			isa = XCSwiftPackageProductDependency;
			package = 13185A14277905AC00D881F5 /* XCRemoteSwiftPackageReference "CombineExt" */;
			productName = CombineExt;
		};
		1372CC9B27724F110093171A /* OrderedCollections */ = {
			isa = XCSwiftPackageProductDependency;
			package = 1372CC9A27724F110093171A /* XCRemoteSwiftPackageReference "swift-collections" */;
			productName = OrderedCollections;
		};
		13A9934A283627F8001DB03A /* ComposableArchitecture */ = {
			isa = XCSwiftPackageProductDependency;
			package = 13A99349283627F8001DB03A /* XCRemoteSwiftPackageReference "swift-composable-architecture" */;
			productName = ComposableArchitecture;
		};
		13D3EFCD27A8CC1000B2B15F /* Then */ = {
			isa = XCSwiftPackageProductDependency;
			package = 13D3EFCC27A8CC1000B2B15F /* XCRemoteSwiftPackageReference "Then" */;
			productName = Then;
		};
/* End XCSwiftPackageProductDependency section */

/* Begin XCVersionGroup section */
		1319711E26F3DAD400471846 /* PrismUI.xcdatamodeld */ = {
			isa = XCVersionGroup;
			children = (
				1319711F26F3DAD400471846 /* PrismSwiftUI.xcdatamodel */,
			);
			currentVersion = 1319711F26F3DAD400471846 /* PrismSwiftUI.xcdatamodel */;
			path = PrismUI.xcdatamodeld;
			sourceTree = "<group>";
			versionGroupType = wrapper.xcdatamodel;
		};
/* End XCVersionGroup section */
	};
	rootObject = 1319710826F3DAD300471846 /* Project object */;
}
