// !$*UTF8*$!
{
	archiveVersion = 1;
	classes = {
	};
	objectVersion = 52;
	objects = {

/* Begin PBXBuildFile section */
		130877D927B1CBE400BA6FB3 /* PrismDriverService.swift in Sources */ = {isa = PBXBuildFile; fileRef = 130877D827B1CBE400BA6FB3 /* PrismDriverService.swift */; };
		130877E027B1F6DD00BA6FB3 /* Ricemill in Frameworks */ = {isa = PBXBuildFile; productRef = 130877DF27B1F6DD00BA6FB3 /* Ricemill */; };
		13185A16277905AC00D881F5 /* CombineExt in Frameworks */ = {isa = PBXBuildFile; productRef = 13185A15277905AC00D881F5 /* CombineExt */; };
		13185A1827790C4500D881F5 /* Publishers+CombineLatestMany.swift in Sources */ = {isa = PBXBuildFile; fileRef = 13185A1727790C4500D881F5 /* Publishers+CombineLatestMany.swift */; };
		1319711426F3DAD300471846 /* PrismUIApp.swift in Sources */ = {isa = PBXBuildFile; fileRef = 1319711326F3DAD300471846 /* PrismUIApp.swift */; };
		1319711626F3DAD300471846 /* ContentView.swift in Sources */ = {isa = PBXBuildFile; fileRef = 1319711526F3DAD300471846 /* ContentView.swift */; };
		1319711826F3DAD400471846 /* Assets.xcassets in Resources */ = {isa = PBXBuildFile; fileRef = 1319711726F3DAD400471846 /* Assets.xcassets */; };
		1319711B26F3DAD400471846 /* Preview Assets.xcassets in Resources */ = {isa = PBXBuildFile; fileRef = 1319711A26F3DAD400471846 /* Preview Assets.xcassets */; };
		1319711D26F3DAD400471846 /* Persistence.swift in Sources */ = {isa = PBXBuildFile; fileRef = 1319711C26F3DAD400471846 /* Persistence.swift */; };
		1319712026F3DAD400471846 /* PrismUI.xcdatamodeld in Sources */ = {isa = PBXBuildFile; fileRef = 1319711E26F3DAD400471846 /* PrismUI.xcdatamodeld */; };
		131DBDC8275A992900BCD134 /* RGB+toHSB.swift in Sources */ = {isa = PBXBuildFile; fileRef = 131DBDC7275A992900BCD134 /* RGB+toHSB.swift */; };
		13334710277FACCA0070F058 /* ArrowThumbView.swift in Sources */ = {isa = PBXBuildFile; fileRef = 1333470F277FACCA0070F058 /* ArrowThumbView.swift */; };
		133E49C22776904C006B976B /* Colors.xcassets in Resources */ = {isa = PBXBuildFile; fileRef = 133E49C12776904C006B976B /* Colors.xcassets */; };
		133E49C427769071006B976B /* ColorManager.swift in Sources */ = {isa = PBXBuildFile; fileRef = 133E49C327769071006B976B /* ColorManager.swift */; };
		133E49C62776B58F006B976B /* SSPerKeyProperties+Layout.swift in Sources */ = {isa = PBXBuildFile; fileRef = 133E49C52776B58F006B976B /* SSPerKeyProperties+Layout.swift */; };
		135D562D27A1173B00BD8592 /* HSB+toRGB.swift in Sources */ = {isa = PBXBuildFile; fileRef = 135D562B27A1173B00BD8592 /* HSB+toRGB.swift */; };
		1362C7B227595D01005BDEDD /* BaseViewModel.swift in Sources */ = {isa = PBXBuildFile; fileRef = 1362C7B127595D01005BDEDD /* BaseViewModel.swift */; };
		136D5F3B26F41FBB0003A744 /* DevicesView.swift in Sources */ = {isa = PBXBuildFile; fileRef = 136D5F3A26F41FBB0003A744 /* DevicesView.swift */; };
		137117542762F4B000B5BABF /* UniDirectionalDataFlow.swift in Sources */ = {isa = PBXBuildFile; fileRef = 137117532762F4B000B5BABF /* UniDirectionalDataFlow.swift */; };
		1372CC9C27724F110093171A /* OrderedCollections in Frameworks */ = {isa = PBXBuildFile; productRef = 1372CC9B27724F110093171A /* OrderedCollections */; };
		137B872727779CE3003A4953 /* View+OnTouch.swift in Sources */ = {isa = PBXBuildFile; fileRef = 137B872627779CE3003A4953 /* View+OnTouch.swift */; };
		1381F3E2278035380098D45E /* DisplayLink.swift in Sources */ = {isa = PBXBuildFile; fileRef = 1381F3E1278035380098D45E /* DisplayLink.swift */; };
		1398CDBC2772FEB0005A0C4E /* MultiColorSlider.swift in Sources */ = {isa = PBXBuildFile; fileRef = 1398CDBB2772FEB0005A0C4E /* MultiColorSlider.swift */; };
		13A39B6526F7C55800EA2DEE /* KeyView.swift in Sources */ = {isa = PBXBuildFile; fileRef = 13A39B6426F7C55800EA2DEE /* KeyView.swift */; };
		13A67444276D44C800F6287F /* HSB.swift in Sources */ = {isa = PBXBuildFile; fileRef = 13A67443276D44C800F6287F /* HSB.swift */; };
		13A6744F276D6E0100F6287F /* KeySettingsView.swift in Sources */ = {isa = PBXBuildFile; fileRef = 13A6744E276D6E0100F6287F /* KeySettingsView.swift */; };
		13B9B9E6277170AD000A047A /* KeySettingsViewModel.swift in Sources */ = {isa = PBXBuildFile; fileRef = 13B9B9E5277170AD000A047A /* KeySettingsViewModel.swift */; };
		13B9B9E8277182EA000A047A /* SSKey+Utils.swift in Sources */ = {isa = PBXBuildFile; fileRef = 13B9B9E7277182EA000A047A /* SSKey+Utils.swift */; };
		13C8CA8427B3A078000D991E /* PerKeyKeyboardView.swift in Sources */ = {isa = PBXBuildFile; fileRef = 13C8CA8327B3A078000D991E /* PerKeyKeyboardView.swift */; };
		13CB78BA27585D0F00BC8F07 /* DeviceViewModel.swift in Sources */ = {isa = PBXBuildFile; fileRef = 13CB78B927585D0F00BC8F07 /* DeviceViewModel.swift */; };
		13CB78BC275869F000BC8F07 /* PerKeyDeviceViewModel.swift in Sources */ = {isa = PBXBuildFile; fileRef = 13CB78BB275869F000BC8F07 /* PerKeyDeviceViewModel.swift */; };
		13D3EFC227A8931800B2B15F /* HSB+Color.swift in Sources */ = {isa = PBXBuildFile; fileRef = 13D3EFC127A8931800B2B15F /* HSB+Color.swift */; };
		13D3EFC927A8C9D500B2B15F /* ColorBoxView.swift in Sources */ = {isa = PBXBuildFile; fileRef = 13D3EFC827A8C9D500B2B15F /* ColorBoxView.swift */; };
		13D3EFCB27A8C9E600B2B15F /* ColorPickerView.swift in Sources */ = {isa = PBXBuildFile; fileRef = 13D3EFCA27A8C9E600B2B15F /* ColorPickerView.swift */; };
		13D3EFCE27A8CC1000B2B15F /* Then in Frameworks */ = {isa = PBXBuildFile; productRef = 13D3EFCD27A8CC1000B2B15F /* Then */; };
		13D3EFD027A8D19500B2B15F /* ColorHueSlider.swift in Sources */ = {isa = PBXBuildFile; fileRef = 13D3EFCF27A8D19500B2B15F /* ColorHueSlider.swift */; };
		13D6594826F44D7300C1D39A /* SSDevice+Image.swift in Sources */ = {isa = PBXBuildFile; fileRef = 13D6594726F44D7300C1D39A /* SSDevice+Image.swift */; };
		13D6594A26F460BB00C1D39A /* PerKeyDeviceView.swift in Sources */ = {isa = PBXBuildFile; fileRef = 13D6594926F460BB00C1D39A /* PerKeyDeviceView.swift */; };
		13D6594F26F4618F00C1D39A /* DeviceRouter.swift in Sources */ = {isa = PBXBuildFile; fileRef = 13D6594E26F4618F00C1D39A /* DeviceRouter.swift */; };
		13DFD04526F3DBA200F4C273 /* PrismKit.framework in Frameworks */ = {isa = PBXBuildFile; fileRef = 13DFD04426F3DBA200F4C273 /* PrismKit.framework */; };
		13DFD04626F3DBA200F4C273 /* PrismKit.framework in Embed Frameworks */ = {isa = PBXBuildFile; fileRef = 13DFD04426F3DBA200F4C273 /* PrismKit.framework */; settings = {ATTRIBUTES = (CodeSignOnCopy, RemoveHeadersOnCopy, ); }; };
		13E2D805275880CC0014883B /* KeyViewModel.swift in Sources */ = {isa = PBXBuildFile; fileRef = 13E2D804275880CC0014883B /* KeyViewModel.swift */; };
		13E513C127AA4849003CE038 /* PopUpColorPicker.swift in Sources */ = {isa = PBXBuildFile; fileRef = 13E513C027AA4849003CE038 /* PopUpColorPicker.swift */; };
		13E513C927AA83B9003CE038 /* DeviceRowView.swift in Sources */ = {isa = PBXBuildFile; fileRef = 13E513C827AA83B9003CE038 /* DeviceRowView.swift */; };
		13F9C8AF2773DE4600B5EE8C /* MathUtils.swift in Sources */ = {isa = PBXBuildFile; fileRef = 13F9C8AE2773DE4600B5EE8C /* MathUtils.swift */; };
/* End PBXBuildFile section */

/* Begin PBXCopyFilesBuildPhase section */
		13DFD04726F3DBA200F4C273 /* Embed Frameworks */ = {
			isa = PBXCopyFilesBuildPhase;
			buildActionMask = 2147483647;
			dstPath = "";
			dstSubfolderSpec = 10;
			files = (
				13DFD04626F3DBA200F4C273 /* PrismKit.framework in Embed Frameworks */,
			);
			name = "Embed Frameworks";
			runOnlyForDeploymentPostprocessing = 0;
		};
/* End PBXCopyFilesBuildPhase section */

/* Begin PBXFileReference section */
		130877D827B1CBE400BA6FB3 /* PrismDriverService.swift */ = {isa = PBXFileReference; lastKnownFileType = sourcecode.swift; path = PrismDriverService.swift; sourceTree = "<group>"; };
		13185A1727790C4500D881F5 /* Publishers+CombineLatestMany.swift */ = {isa = PBXFileReference; lastKnownFileType = sourcecode.swift; path = "Publishers+CombineLatestMany.swift"; sourceTree = "<group>"; };
		1319711026F3DAD300471846 /* PrismUI.app */ = {isa = PBXFileReference; explicitFileType = wrapper.application; includeInIndex = 0; path = PrismUI.app; sourceTree = BUILT_PRODUCTS_DIR; };
		1319711326F3DAD300471846 /* PrismUIApp.swift */ = {isa = PBXFileReference; lastKnownFileType = sourcecode.swift; path = PrismUIApp.swift; sourceTree = "<group>"; };
		1319711526F3DAD300471846 /* ContentView.swift */ = {isa = PBXFileReference; lastKnownFileType = sourcecode.swift; path = ContentView.swift; sourceTree = "<group>"; };
		1319711726F3DAD400471846 /* Assets.xcassets */ = {isa = PBXFileReference; lastKnownFileType = folder.assetcatalog; path = Assets.xcassets; sourceTree = "<group>"; };
		1319711A26F3DAD400471846 /* Preview Assets.xcassets */ = {isa = PBXFileReference; lastKnownFileType = folder.assetcatalog; path = "Preview Assets.xcassets"; sourceTree = "<group>"; };
		1319711C26F3DAD400471846 /* Persistence.swift */ = {isa = PBXFileReference; lastKnownFileType = sourcecode.swift; path = Persistence.swift; sourceTree = "<group>"; };
		1319711F26F3DAD400471846 /* PrismSwiftUI.xcdatamodel */ = {isa = PBXFileReference; lastKnownFileType = wrapper.xcdatamodel; path = PrismSwiftUI.xcdatamodel; sourceTree = "<group>"; };
		1319712126F3DAD400471846 /* Info.plist */ = {isa = PBXFileReference; lastKnownFileType = text.plist.xml; path = Info.plist; sourceTree = "<group>"; };
		1319712226F3DAD400471846 /* PrismUI.entitlements */ = {isa = PBXFileReference; lastKnownFileType = text.plist.entitlements; path = PrismUI.entitlements; sourceTree = "<group>"; };
		131DBDC7275A992900BCD134 /* RGB+toHSB.swift */ = {isa = PBXFileReference; lastKnownFileType = sourcecode.swift; path = "RGB+toHSB.swift"; sourceTree = "<group>"; };
		1333470F277FACCA0070F058 /* ArrowThumbView.swift */ = {isa = PBXFileReference; lastKnownFileType = sourcecode.swift; path = ArrowThumbView.swift; sourceTree = "<group>"; };
		133E49C12776904C006B976B /* Colors.xcassets */ = {isa = PBXFileReference; lastKnownFileType = folder.assetcatalog; path = Colors.xcassets; sourceTree = "<group>"; };
		133E49C327769071006B976B /* ColorManager.swift */ = {isa = PBXFileReference; lastKnownFileType = sourcecode.swift; path = ColorManager.swift; sourceTree = "<group>"; };
		133E49C52776B58F006B976B /* SSPerKeyProperties+Layout.swift */ = {isa = PBXFileReference; lastKnownFileType = sourcecode.swift; path = "SSPerKeyProperties+Layout.swift"; sourceTree = "<group>"; };
		135D562B27A1173B00BD8592 /* HSB+toRGB.swift */ = {isa = PBXFileReference; fileEncoding = 4; lastKnownFileType = sourcecode.swift; path = "HSB+toRGB.swift"; sourceTree = "<group>"; };
		1362C7B127595D01005BDEDD /* BaseViewModel.swift */ = {isa = PBXFileReference; lastKnownFileType = sourcecode.swift; path = BaseViewModel.swift; sourceTree = "<group>"; };
		136D5F3A26F41FBB0003A744 /* DevicesView.swift */ = {isa = PBXFileReference; lastKnownFileType = sourcecode.swift; path = DevicesView.swift; sourceTree = "<group>"; };
		137117532762F4B000B5BABF /* UniDirectionalDataFlow.swift */ = {isa = PBXFileReference; lastKnownFileType = sourcecode.swift; path = UniDirectionalDataFlow.swift; sourceTree = "<group>"; };
		137B872627779CE3003A4953 /* View+OnTouch.swift */ = {isa = PBXFileReference; lastKnownFileType = sourcecode.swift; path = "View+OnTouch.swift"; sourceTree = "<group>"; };
		1381F3E1278035380098D45E /* DisplayLink.swift */ = {isa = PBXFileReference; lastKnownFileType = sourcecode.swift; path = DisplayLink.swift; sourceTree = "<group>"; };
		1398CDBB2772FEB0005A0C4E /* MultiColorSlider.swift */ = {isa = PBXFileReference; lastKnownFileType = sourcecode.swift; path = MultiColorSlider.swift; sourceTree = "<group>"; };
		13A39B6426F7C55800EA2DEE /* KeyView.swift */ = {isa = PBXFileReference; lastKnownFileType = sourcecode.swift; path = KeyView.swift; sourceTree = "<group>"; };
		13A67443276D44C800F6287F /* HSB.swift */ = {isa = PBXFileReference; lastKnownFileType = sourcecode.swift; path = HSB.swift; sourceTree = "<group>"; };
		13A6744E276D6E0100F6287F /* KeySettingsView.swift */ = {isa = PBXFileReference; lastKnownFileType = sourcecode.swift; path = KeySettingsView.swift; sourceTree = "<group>"; };
		13B9B9E5277170AD000A047A /* KeySettingsViewModel.swift */ = {isa = PBXFileReference; lastKnownFileType = sourcecode.swift; path = KeySettingsViewModel.swift; sourceTree = "<group>"; };
		13B9B9E7277182EA000A047A /* SSKey+Utils.swift */ = {isa = PBXFileReference; lastKnownFileType = sourcecode.swift; path = "SSKey+Utils.swift"; sourceTree = "<group>"; };
		13C8CA8327B3A078000D991E /* PerKeyKeyboardView.swift */ = {isa = PBXFileReference; lastKnownFileType = sourcecode.swift; path = PerKeyKeyboardView.swift; sourceTree = "<group>"; };
		13CB78B927585D0F00BC8F07 /* DeviceViewModel.swift */ = {isa = PBXFileReference; lastKnownFileType = sourcecode.swift; path = DeviceViewModel.swift; sourceTree = "<group>"; };
		13CB78BB275869F000BC8F07 /* PerKeyDeviceViewModel.swift */ = {isa = PBXFileReference; lastKnownFileType = sourcecode.swift; path = PerKeyDeviceViewModel.swift; sourceTree = "<group>"; };
		13D3EFC127A8931800B2B15F /* HSB+Color.swift */ = {isa = PBXFileReference; lastKnownFileType = sourcecode.swift; path = "HSB+Color.swift"; sourceTree = "<group>"; };
		13D3EFC827A8C9D500B2B15F /* ColorBoxView.swift */ = {isa = PBXFileReference; lastKnownFileType = sourcecode.swift; path = ColorBoxView.swift; sourceTree = "<group>"; };
		13D3EFCA27A8C9E600B2B15F /* ColorPickerView.swift */ = {isa = PBXFileReference; lastKnownFileType = sourcecode.swift; path = ColorPickerView.swift; sourceTree = "<group>"; };
		13D3EFCF27A8D19500B2B15F /* ColorHueSlider.swift */ = {isa = PBXFileReference; lastKnownFileType = sourcecode.swift; path = ColorHueSlider.swift; sourceTree = "<group>"; };
		13D6594726F44D7300C1D39A /* SSDevice+Image.swift */ = {isa = PBXFileReference; lastKnownFileType = sourcecode.swift; path = "SSDevice+Image.swift"; sourceTree = "<group>"; };
		13D6594926F460BB00C1D39A /* PerKeyDeviceView.swift */ = {isa = PBXFileReference; lastKnownFileType = sourcecode.swift; path = PerKeyDeviceView.swift; sourceTree = "<group>"; };
		13D6594E26F4618F00C1D39A /* DeviceRouter.swift */ = {isa = PBXFileReference; lastKnownFileType = sourcecode.swift; path = DeviceRouter.swift; sourceTree = "<group>"; };
		13DFD04426F3DBA200F4C273 /* PrismKit.framework */ = {isa = PBXFileReference; explicitFileType = wrapper.framework; path = PrismKit.framework; sourceTree = BUILT_PRODUCTS_DIR; };
		13E2D804275880CC0014883B /* KeyViewModel.swift */ = {isa = PBXFileReference; lastKnownFileType = sourcecode.swift; path = KeyViewModel.swift; sourceTree = "<group>"; };
		13E513C027AA4849003CE038 /* PopUpColorPicker.swift */ = {isa = PBXFileReference; lastKnownFileType = sourcecode.swift; path = PopUpColorPicker.swift; sourceTree = "<group>"; };
		13E513C827AA83B9003CE038 /* DeviceRowView.swift */ = {isa = PBXFileReference; lastKnownFileType = sourcecode.swift; path = DeviceRowView.swift; sourceTree = "<group>"; };
		13F9C8AE2773DE4600B5EE8C /* MathUtils.swift */ = {isa = PBXFileReference; lastKnownFileType = sourcecode.swift; path = MathUtils.swift; sourceTree = "<group>"; };
/* End PBXFileReference section */

/* Begin PBXFrameworksBuildPhase section */
		1319710D26F3DAD300471846 /* Frameworks */ = {
			isa = PBXFrameworksBuildPhase;
			buildActionMask = 2147483647;
			files = (
				1372CC9C27724F110093171A /* OrderedCollections in Frameworks */,
				130877E027B1F6DD00BA6FB3 /* Ricemill in Frameworks */,
				13185A16277905AC00D881F5 /* CombineExt in Frameworks */,
				13DFD04526F3DBA200F4C273 /* PrismKit.framework in Frameworks */,
				13D3EFCE27A8CC1000B2B15F /* Then in Frameworks */,
			);
			runOnlyForDeploymentPostprocessing = 0;
		};
/* End PBXFrameworksBuildPhase section */

/* Begin PBXGroup section */
		130877D727B1CBB600BA6FB3 /* Services */ = {
			isa = PBXGroup;
			children = (
				130877D827B1CBE400BA6FB3 /* PrismDriverService.swift */,
			);
			path = Services;
			sourceTree = "<group>";
		};
		1319710726F3DAD300471846 = {
			isa = PBXGroup;
			children = (
				1319711226F3DAD300471846 /* PrismUI */,
				1319711126F3DAD300471846 /* Products */,
				13DFD04326F3DBA200F4C273 /* Frameworks */,
			);
			sourceTree = "<group>";
		};
		1319711126F3DAD300471846 /* Products */ = {
			isa = PBXGroup;
			children = (
				1319711026F3DAD300471846 /* PrismUI.app */,
			);
			name = Products;
			sourceTree = "<group>";
		};
		1319711226F3DAD300471846 /* PrismUI */ = {
			isa = PBXGroup;
			children = (
				130877D727B1CBB600BA6FB3 /* Services */,
				13E513C527AA50DC003CE038 /* Domain */,
				136D5F3526F4187D0003A744 /* Core */,
				136D5F3626F419040003A744 /* UI */,
				13E513C327AA5052003CE038 /* Supported Files */,
				13E513C227AA504C003CE038 /* Resources */,
				1319712126F3DAD400471846 /* Info.plist */,
				1319712226F3DAD400471846 /* PrismUI.entitlements */,
				1319711E26F3DAD400471846 /* PrismUI.xcdatamodeld */,
				1319711926F3DAD400471846 /* Preview Content */,
			);
			path = PrismUI;
			sourceTree = "<group>";
		};
		1319711926F3DAD400471846 /* Preview Content */ = {
			isa = PBXGroup;
			children = (
				1319711A26F3DAD400471846 /* Preview Assets.xcassets */,
			);
			path = "Preview Content";
			sourceTree = "<group>";
		};
		1347FFDB27826A2300EA4ABB /* DisplayLink */ = {
			isa = PBXGroup;
			children = (
				1381F3E1278035380098D45E /* DisplayLink.swift */,
			);
			path = DisplayLink;
			sourceTree = "<group>";
		};
		136D5F3526F4187D0003A744 /* Core */ = {
			isa = PBXGroup;
			children = (
				1319711326F3DAD300471846 /* PrismUIApp.swift */,
			);
			path = Core;
			sourceTree = "<group>";
		};
		136D5F3626F419040003A744 /* UI */ = {
			isa = PBXGroup;
			children = (
				1319711526F3DAD300471846 /* ContentView.swift */,
				1381F617276AAB9800BF526E /* Components */,
				13CB78B727585BDD00BC8F07 /* Devices */,
				13CB78B827585C0500BC8F07 /* Device */,
				13D6594B26F460BE00C1D39A /* PerKeyDevice */,
			);
			path = UI;
			sourceTree = "<group>";
		};
		1381F617276AAB9800BF526E /* Components */ = {
			isa = PBXGroup;
			children = (
				13D3EFC527A8C76700B2B15F /* ColorPicker */,
				1347FFDB27826A2300EA4ABB /* DisplayLink */,
				1398CDBA2772FE9F005A0C4E /* MultiColorSlider */,
				13E513C027AA4849003CE038 /* PopUpColorPicker.swift */,
			);
			path = Components;
			sourceTree = "<group>";
		};
		1398CDBA2772FE9F005A0C4E /* MultiColorSlider */ = {
			isa = PBXGroup;
			children = (
				1398CDBB2772FEB0005A0C4E /* MultiColorSlider.swift */,
				1333470F277FACCA0070F058 /* ArrowThumbView.swift */,
			);
			path = MultiColorSlider;
			sourceTree = "<group>";
		};
		13A6744D276D6DDF00F6287F /* KeySettings */ = {
			isa = PBXGroup;
			children = (
				13A6744E276D6E0100F6287F /* KeySettingsView.swift */,
				13B9B9E5277170AD000A047A /* KeySettingsViewModel.swift */,
			);
			path = KeySettings;
			sourceTree = "<group>";
		};
		13C8CA8227B3A058000D991E /* PerKeyKeyboardView */ = {
			isa = PBXGroup;
			children = (
				13C8CA8327B3A078000D991E /* PerKeyKeyboardView.swift */,
				13A39B6426F7C55800EA2DEE /* KeyView.swift */,
				13E2D804275880CC0014883B /* KeyViewModel.swift */,
			);
			path = PerKeyKeyboardView;
			sourceTree = "<group>";
		};
		13CB78B727585BDD00BC8F07 /* Devices */ = {
			isa = PBXGroup;
			children = (
				136D5F3A26F41FBB0003A744 /* DevicesView.swift */,
				13E513C827AA83B9003CE038 /* DeviceRowView.swift */,
			);
			path = Devices;
			sourceTree = "<group>";
		};
		13CB78B827585C0500BC8F07 /* Device */ = {
			isa = PBXGroup;
			children = (
				13D6594E26F4618F00C1D39A /* DeviceRouter.swift */,
				13CB78B927585D0F00BC8F07 /* DeviceViewModel.swift */,
			);
			path = Device;
			sourceTree = "<group>";
		};
		13D3EFC527A8C76700B2B15F /* ColorPicker */ = {
			isa = PBXGroup;
			children = (
				13D3EFCA27A8C9E600B2B15F /* ColorPickerView.swift */,
				13D3EFC827A8C9D500B2B15F /* ColorBoxView.swift */,
				13D3EFCF27A8D19500B2B15F /* ColorHueSlider.swift */,
			);
			path = ColorPicker;
			sourceTree = "<group>";
		};
		13D6594B26F460BE00C1D39A /* PerKeyDevice */ = {
			isa = PBXGroup;
			children = (
				13A6744D276D6DDF00F6287F /* KeySettings */,
				13C8CA8227B3A058000D991E /* PerKeyKeyboardView */,
				13D6594926F460BB00C1D39A /* PerKeyDeviceView.swift */,
				13CB78BB275869F000BC8F07 /* PerKeyDeviceViewModel.swift */,
			);
			path = PerKeyDevice;
			sourceTree = "<group>";
		};
		13DFD04326F3DBA200F4C273 /* Frameworks */ = {
			isa = PBXGroup;
			children = (
				13DFD04426F3DBA200F4C273 /* PrismKit.framework */,
			);
			name = Frameworks;
			sourceTree = "<group>";
		};
		13E513C227AA504C003CE038 /* Resources */ = {
			isa = PBXGroup;
			children = (
				1319711726F3DAD400471846 /* Assets.xcassets */,
				133E49C12776904C006B976B /* Colors.xcassets */,
			);
			path = Resources;
			sourceTree = "<group>";
		};
		13E513C327AA5052003CE038 /* Supported Files */ = {
			isa = PBXGroup;
			children = (
				1362C7B127595D01005BDEDD /* BaseViewModel.swift */,
				1319711C26F3DAD400471846 /* Persistence.swift */,
				137117532762F4B000B5BABF /* UniDirectionalDataFlow.swift */,
				13F9C8AE2773DE4600B5EE8C /* MathUtils.swift */,
				133E49C327769071006B976B /* ColorManager.swift */,
				13E513C427AA5076003CE038 /* Extensions */,
			);
			path = "Supported Files";
			sourceTree = "<group>";
		};
		13E513C427AA5076003CE038 /* Extensions */ = {
			isa = PBXGroup;
			children = (
				13D3EFC127A8931800B2B15F /* HSB+Color.swift */,
				131DBDC7275A992900BCD134 /* RGB+toHSB.swift */,
				135D562B27A1173B00BD8592 /* HSB+toRGB.swift */,
				13B9B9E7277182EA000A047A /* SSKey+Utils.swift */,
				13D6594726F44D7300C1D39A /* SSDevice+Image.swift */,
				133E49C52776B58F006B976B /* SSPerKeyProperties+Layout.swift */,
				137B872627779CE3003A4953 /* View+OnTouch.swift */,
				13185A1727790C4500D881F5 /* Publishers+CombineLatestMany.swift */,
			);
			path = Extensions;
			sourceTree = "<group>";
		};
		13E513C527AA50DC003CE038 /* Domain */ = {
			isa = PBXGroup;
			children = (
				13A67443276D44C800F6287F /* HSB.swift */,
			);
			path = Domain;
			sourceTree = "<group>";
		};
/* End PBXGroup section */

/* Begin PBXNativeTarget section */
		1319710F26F3DAD300471846 /* PrismUI */ = {
			isa = PBXNativeTarget;
			buildConfigurationList = 1319712526F3DAD400471846 /* Build configuration list for PBXNativeTarget "PrismUI" */;
			buildPhases = (
				1319710C26F3DAD300471846 /* Sources */,
				1319710D26F3DAD300471846 /* Frameworks */,
				1319710E26F3DAD300471846 /* Resources */,
				13DFD04726F3DBA200F4C273 /* Embed Frameworks */,
			);
			buildRules = (
			);
			dependencies = (
			);
			name = PrismUI;
			packageProductDependencies = (
				1372CC9B27724F110093171A /* OrderedCollections */,
				13185A15277905AC00D881F5 /* CombineExt */,
				13D3EFCD27A8CC1000B2B15F /* Then */,
				130877DF27B1F6DD00BA6FB3 /* Ricemill */,
			);
			productName = PrismSwiftUI;
			productReference = 1319711026F3DAD300471846 /* PrismUI.app */;
			productType = "com.apple.product-type.application";
		};
/* End PBXNativeTarget section */

/* Begin PBXProject section */
		1319710826F3DAD300471846 /* Project object */ = {
			isa = PBXProject;
			attributes = {
				LastSwiftUpdateCheck = 1250;
				LastUpgradeCheck = 1320;
				TargetAttributes = {
					1319710F26F3DAD300471846 = {
						CreatedOnToolsVersion = 12.5.1;
					};
				};
			};
			buildConfigurationList = 1319710B26F3DAD300471846 /* Build configuration list for PBXProject "PrismUI" */;
			compatibilityVersion = "Xcode 9.3";
			developmentRegion = en;
			hasScannedForEncodings = 0;
			knownRegions = (
				en,
				Base,
			);
			mainGroup = 1319710726F3DAD300471846;
			packageReferences = (
				136D5F3226F415980003A744 /* XCRemoteSwiftPackageReference "Sparkle" */,
				1372CC9A27724F110093171A /* XCRemoteSwiftPackageReference "swift-collections" */,
				13185A14277905AC00D881F5 /* XCRemoteSwiftPackageReference "CombineExt" */,
				13D3EFCC27A8CC1000B2B15F /* XCRemoteSwiftPackageReference "Then" */,
				130877DE27B1F6DD00BA6FB3 /* XCRemoteSwiftPackageReference "Ricemill" */,
			);
			productRefGroup = 1319711126F3DAD300471846 /* Products */;
			projectDirPath = "";
			projectRoot = "";
			targets = (
				1319710F26F3DAD300471846 /* PrismUI */,
			);
		};
/* End PBXProject section */

/* Begin PBXResourcesBuildPhase section */
		1319710E26F3DAD300471846 /* Resources */ = {
			isa = PBXResourcesBuildPhase;
			buildActionMask = 2147483647;
			files = (
				133E49C22776904C006B976B /* Colors.xcassets in Resources */,
				1319711B26F3DAD400471846 /* Preview Assets.xcassets in Resources */,
				1319711826F3DAD400471846 /* Assets.xcassets in Resources */,
			);
			runOnlyForDeploymentPostprocessing = 0;
		};
/* End PBXResourcesBuildPhase section */

/* Begin PBXSourcesBuildPhase section */
		1319710C26F3DAD300471846 /* Sources */ = {
			isa = PBXSourcesBuildPhase;
			buildActionMask = 2147483647;
			files = (
				1319711D26F3DAD400471846 /* Persistence.swift in Sources */,
				13B9B9E6277170AD000A047A /* KeySettingsViewModel.swift in Sources */,
				135D562D27A1173B00BD8592 /* HSB+toRGB.swift in Sources */,
				13CB78BC275869F000BC8F07 /* PerKeyDeviceViewModel.swift in Sources */,
				1319711626F3DAD300471846 /* ContentView.swift in Sources */,
				1381F3E2278035380098D45E /* DisplayLink.swift in Sources */,
				13D3EFD027A8D19500B2B15F /* ColorHueSlider.swift in Sources */,
				13D3EFCB27A8C9E600B2B15F /* ColorPickerView.swift in Sources */,
				1362C7B227595D01005BDEDD /* BaseViewModel.swift in Sources */,
				13D6594826F44D7300C1D39A /* SSDevice+Image.swift in Sources */,
				1319711426F3DAD300471846 /* PrismUIApp.swift in Sources */,
				13C8CA8427B3A078000D991E /* PerKeyKeyboardView.swift in Sources */,
				137B872727779CE3003A4953 /* View+OnTouch.swift in Sources */,
				13E513C127AA4849003CE038 /* PopUpColorPicker.swift in Sources */,
				136D5F3B26F41FBB0003A744 /* DevicesView.swift in Sources */,
				133E49C427769071006B976B /* ColorManager.swift in Sources */,
				130877D927B1CBE400BA6FB3 /* PrismDriverService.swift in Sources */,
				1319712026F3DAD400471846 /* PrismUI.xcdatamodeld in Sources */,
				13A6744F276D6E0100F6287F /* KeySettingsView.swift in Sources */,
				13E513C927AA83B9003CE038 /* DeviceRowView.swift in Sources */,
				13D3EFC927A8C9D500B2B15F /* ColorBoxView.swift in Sources */,
				13CB78BA27585D0F00BC8F07 /* DeviceViewModel.swift in Sources */,
				13334710277FACCA0070F058 /* ArrowThumbView.swift in Sources */,
				13B9B9E8277182EA000A047A /* SSKey+Utils.swift in Sources */,
				1398CDBC2772FEB0005A0C4E /* MultiColorSlider.swift in Sources */,
				13D6594F26F4618F00C1D39A /* DeviceRouter.swift in Sources */,
				13D3EFC227A8931800B2B15F /* HSB+Color.swift in Sources */,
				13D6594A26F460BB00C1D39A /* PerKeyDeviceView.swift in Sources */,
				133E49C62776B58F006B976B /* SSPerKeyProperties+Layout.swift in Sources */,
				13F9C8AF2773DE4600B5EE8C /* MathUtils.swift in Sources */,
				13A39B6526F7C55800EA2DEE /* KeyView.swift in Sources */,
				13E2D805275880CC0014883B /* KeyViewModel.swift in Sources */,
				13A67444276D44C800F6287F /* HSB.swift in Sources */,
				131DBDC8275A992900BCD134 /* RGB+toHSB.swift in Sources */,
				13185A1827790C4500D881F5 /* Publishers+CombineLatestMany.swift in Sources */,
				137117542762F4B000B5BABF /* UniDirectionalDataFlow.swift in Sources */,
			);
			runOnlyForDeploymentPostprocessing = 0;
		};
/* End PBXSourcesBuildPhase section */

/* Begin XCBuildConfiguration section */
		1319712326F3DAD400471846 /* Debug */ = {
			isa = XCBuildConfiguration;
			buildSettings = {
				ALWAYS_SEARCH_USER_PATHS = NO;
				CLANG_ANALYZER_NONNULL = YES;
				CLANG_ANALYZER_NUMBER_OBJECT_CONVERSION = YES_AGGRESSIVE;
				CLANG_CXX_LANGUAGE_STANDARD = "gnu++14";
				CLANG_CXX_LIBRARY = "libc++";
				CLANG_ENABLE_MODULES = YES;
				CLANG_ENABLE_OBJC_ARC = YES;
				CLANG_ENABLE_OBJC_WEAK = YES;
				CLANG_WARN_BLOCK_CAPTURE_AUTORELEASING = YES;
				CLANG_WARN_BOOL_CONVERSION = YES;
				CLANG_WARN_COMMA = YES;
				CLANG_WARN_CONSTANT_CONVERSION = YES;
				CLANG_WARN_DEPRECATED_OBJC_IMPLEMENTATIONS = YES;
				CLANG_WARN_DIRECT_OBJC_ISA_USAGE = YES_ERROR;
				CLANG_WARN_DOCUMENTATION_COMMENTS = YES;
				CLANG_WARN_EMPTY_BODY = YES;
				CLANG_WARN_ENUM_CONVERSION = YES;
				CLANG_WARN_INFINITE_RECURSION = YES;
				CLANG_WARN_INT_CONVERSION = YES;
				CLANG_WARN_NON_LITERAL_NULL_CONVERSION = YES;
				CLANG_WARN_OBJC_IMPLICIT_RETAIN_SELF = YES;
				CLANG_WARN_OBJC_LITERAL_CONVERSION = YES;
				CLANG_WARN_OBJC_ROOT_CLASS = YES_ERROR;
				CLANG_WARN_QUOTED_INCLUDE_IN_FRAMEWORK_HEADER = YES;
				CLANG_WARN_RANGE_LOOP_ANALYSIS = YES;
				CLANG_WARN_STRICT_PROTOTYPES = YES;
				CLANG_WARN_SUSPICIOUS_MOVE = YES;
				CLANG_WARN_UNGUARDED_AVAILABILITY = YES_AGGRESSIVE;
				CLANG_WARN_UNREACHABLE_CODE = YES;
				CLANG_WARN__DUPLICATE_METHOD_MATCH = YES;
				COPY_PHASE_STRIP = NO;
				DEBUG_INFORMATION_FORMAT = dwarf;
				ENABLE_STRICT_OBJC_MSGSEND = YES;
				ENABLE_TESTABILITY = YES;
				GCC_C_LANGUAGE_STANDARD = gnu11;
				GCC_DYNAMIC_NO_PIC = NO;
				GCC_NO_COMMON_BLOCKS = YES;
				GCC_OPTIMIZATION_LEVEL = 0;
				GCC_PREPROCESSOR_DEFINITIONS = (
					"DEBUG=1",
					"$(inherited)",
				);
				GCC_WARN_64_TO_32_BIT_CONVERSION = YES;
				GCC_WARN_ABOUT_RETURN_TYPE = YES_ERROR;
				GCC_WARN_UNDECLARED_SELECTOR = YES;
				GCC_WARN_UNINITIALIZED_AUTOS = YES_AGGRESSIVE;
				GCC_WARN_UNUSED_FUNCTION = YES;
				GCC_WARN_UNUSED_VARIABLE = YES;
				MACOSX_DEPLOYMENT_TARGET = 11.3;
				MTL_ENABLE_DEBUG_INFO = INCLUDE_SOURCE;
				MTL_FAST_MATH = YES;
				ONLY_ACTIVE_ARCH = YES;
				SDKROOT = macosx;
				SWIFT_ACTIVE_COMPILATION_CONDITIONS = DEBUG;
				SWIFT_OPTIMIZATION_LEVEL = "-Onone";
			};
			name = Debug;
		};
		1319712426F3DAD400471846 /* Release */ = {
			isa = XCBuildConfiguration;
			buildSettings = {
				ALWAYS_SEARCH_USER_PATHS = NO;
				CLANG_ANALYZER_NONNULL = YES;
				CLANG_ANALYZER_NUMBER_OBJECT_CONVERSION = YES_AGGRESSIVE;
				CLANG_CXX_LANGUAGE_STANDARD = "gnu++14";
				CLANG_CXX_LIBRARY = "libc++";
				CLANG_ENABLE_MODULES = YES;
				CLANG_ENABLE_OBJC_ARC = YES;
				CLANG_ENABLE_OBJC_WEAK = YES;
				CLANG_WARN_BLOCK_CAPTURE_AUTORELEASING = YES;
				CLANG_WARN_BOOL_CONVERSION = YES;
				CLANG_WARN_COMMA = YES;
				CLANG_WARN_CONSTANT_CONVERSION = YES;
				CLANG_WARN_DEPRECATED_OBJC_IMPLEMENTATIONS = YES;
				CLANG_WARN_DIRECT_OBJC_ISA_USAGE = YES_ERROR;
				CLANG_WARN_DOCUMENTATION_COMMENTS = YES;
				CLANG_WARN_EMPTY_BODY = YES;
				CLANG_WARN_ENUM_CONVERSION = YES;
				CLANG_WARN_INFINITE_RECURSION = YES;
				CLANG_WARN_INT_CONVERSION = YES;
				CLANG_WARN_NON_LITERAL_NULL_CONVERSION = YES;
				CLANG_WARN_OBJC_IMPLICIT_RETAIN_SELF = YES;
				CLANG_WARN_OBJC_LITERAL_CONVERSION = YES;
				CLANG_WARN_OBJC_ROOT_CLASS = YES_ERROR;
				CLANG_WARN_QUOTED_INCLUDE_IN_FRAMEWORK_HEADER = YES;
				CLANG_WARN_RANGE_LOOP_ANALYSIS = YES;
				CLANG_WARN_STRICT_PROTOTYPES = YES;
				CLANG_WARN_SUSPICIOUS_MOVE = YES;
				CLANG_WARN_UNGUARDED_AVAILABILITY = YES_AGGRESSIVE;
				CLANG_WARN_UNREACHABLE_CODE = YES;
				CLANG_WARN__DUPLICATE_METHOD_MATCH = YES;
				COPY_PHASE_STRIP = NO;
				DEBUG_INFORMATION_FORMAT = "dwarf-with-dsym";
				ENABLE_NS_ASSERTIONS = NO;
				ENABLE_STRICT_OBJC_MSGSEND = YES;
				GCC_C_LANGUAGE_STANDARD = gnu11;
				GCC_NO_COMMON_BLOCKS = YES;
				GCC_WARN_64_TO_32_BIT_CONVERSION = YES;
				GCC_WARN_ABOUT_RETURN_TYPE = YES_ERROR;
				GCC_WARN_UNDECLARED_SELECTOR = YES;
				GCC_WARN_UNINITIALIZED_AUTOS = YES_AGGRESSIVE;
				GCC_WARN_UNUSED_FUNCTION = YES;
				GCC_WARN_UNUSED_VARIABLE = YES;
				MACOSX_DEPLOYMENT_TARGET = 11.3;
				MTL_ENABLE_DEBUG_INFO = NO;
				MTL_FAST_MATH = YES;
				SDKROOT = macosx;
				SWIFT_COMPILATION_MODE = wholemodule;
				SWIFT_OPTIMIZATION_LEVEL = "-O";
			};
			name = Release;
		};
		1319712626F3DAD400471846 /* Debug */ = {
			isa = XCBuildConfiguration;
			buildSettings = {
				ASSETCATALOG_COMPILER_APPICON_NAME = AppIcon;
				ASSETCATALOG_COMPILER_GLOBAL_ACCENT_COLOR_NAME = AccentColor;
				CODE_SIGN_ENTITLEMENTS = PrismUI/PrismUI.entitlements;
				CODE_SIGN_IDENTITY = "-";
				CODE_SIGN_STYLE = Automatic;
				COMBINE_HIDPI_IMAGES = YES;
				DEVELOPMENT_ASSET_PATHS = "\"PrismUI/Preview Content\"";
				ENABLE_PREVIEWS = YES;
				INFOPLIST_FILE = PrismUI/Info.plist;
				LD_RUNPATH_SEARCH_PATHS = (
					"$(inherited)",
					"@executable_path/../Frameworks",
				);
				MACOSX_DEPLOYMENT_TARGET = 11.0;
				PRODUCT_BUNDLE_IDENTIFIER = com.errorerrorerror.PrismUI;
				PRODUCT_NAME = "$(TARGET_NAME)";
				SWIFT_VERSION = 5.0;
			};
			name = Debug;
		};
		1319712726F3DAD400471846 /* Release */ = {
			isa = XCBuildConfiguration;
			buildSettings = {
				ASSETCATALOG_COMPILER_APPICON_NAME = AppIcon;
				ASSETCATALOG_COMPILER_GLOBAL_ACCENT_COLOR_NAME = AccentColor;
				CODE_SIGN_ENTITLEMENTS = PrismUI/PrismUI.entitlements;
				CODE_SIGN_IDENTITY = "-";
				CODE_SIGN_STYLE = Automatic;
				COMBINE_HIDPI_IMAGES = YES;
				DEVELOPMENT_ASSET_PATHS = "\"PrismUI/Preview Content\"";
				ENABLE_PREVIEWS = YES;
				INFOPLIST_FILE = PrismUI/Info.plist;
				LD_RUNPATH_SEARCH_PATHS = (
					"$(inherited)",
					"@executable_path/../Frameworks",
				);
				MACOSX_DEPLOYMENT_TARGET = 11.0;
				PRODUCT_BUNDLE_IDENTIFIER = com.errorerrorerror.PrismUI;
				PRODUCT_NAME = "$(TARGET_NAME)";
				SWIFT_VERSION = 5.0;
			};
			name = Release;
		};
/* End XCBuildConfiguration section */

/* Begin XCConfigurationList section */
		1319710B26F3DAD300471846 /* Build configuration list for PBXProject "PrismUI" */ = {
			isa = XCConfigurationList;
			buildConfigurations = (
				1319712326F3DAD400471846 /* Debug */,
				1319712426F3DAD400471846 /* Release */,
			);
			defaultConfigurationIsVisible = 0;
			defaultConfigurationName = Release;
		};
		1319712526F3DAD400471846 /* Build configuration list for PBXNativeTarget "PrismUI" */ = {
			isa = XCConfigurationList;
			buildConfigurations = (
				1319712626F3DAD400471846 /* Debug */,
				1319712726F3DAD400471846 /* Release */,
			);
			defaultConfigurationIsVisible = 0;
			defaultConfigurationName = Release;
		};
/* End XCConfigurationList section */

/* Begin XCRemoteSwiftPackageReference section */
		130877DE27B1F6DD00BA6FB3 /* XCRemoteSwiftPackageReference "Ricemill" */ = {
			isa = XCRemoteSwiftPackageReference;
			repositoryURL = "https://github.com/marty-suzuki/Ricemill";
			requirement = {
				kind = revision;
				revision = 7ef039a0c79704194f4cc082171824106bedbc60;
			};
		};
		13185A14277905AC00D881F5 /* XCRemoteSwiftPackageReference "CombineExt" */ = {
			isa = XCRemoteSwiftPackageReference;
			repositoryURL = "https://github.com/CombineCommunity/CombineExt";
			requirement = {
				kind = upToNextMajorVersion;
				minimumVersion = 1.0.0;
			};
		};
		136D5F3226F415980003A744 /* XCRemoteSwiftPackageReference "Sparkle" */ = {
			isa = XCRemoteSwiftPackageReference;
			repositoryURL = "https://github.com/sparkle-project/Sparkle.git";
			requirement = {
				kind = upToNextMajorVersion;
				minimumVersion = 1.26.0;
			};
		};
		1372CC9A27724F110093171A /* XCRemoteSwiftPackageReference "swift-collections" */ = {
			isa = XCRemoteSwiftPackageReference;
			repositoryURL = "https://github.com/apple/swift-collections.git";
			requirement = {
				kind = upToNextMajorVersion;
				minimumVersion = 1.0.0;
			};
		};
		13D3EFCC27A8CC1000B2B15F /* XCRemoteSwiftPackageReference "Then" */ = {
			isa = XCRemoteSwiftPackageReference;
			repositoryURL = "https://github.com/devxoul/Then";
			requirement = {
				branch = master;
				kind = branch;
			};
		};
/* End XCRemoteSwiftPackageReference section */

/* Begin XCSwiftPackageProductDependency section */
		130877DF27B1F6DD00BA6FB3 /* Ricemill */ = {
			isa = XCSwiftPackageProductDependency;
			package = 130877DE27B1F6DD00BA6FB3 /* XCRemoteSwiftPackageReference "Ricemill" */;
			productName = Ricemill;
		};
		13185A15277905AC00D881F5 /* CombineExt */ = {
			isa = XCSwiftPackageProductDependency;
			package = 13185A14277905AC00D881F5 /* XCRemoteSwiftPackageReference "CombineExt" */;
			productName = CombineExt;
		};
		1372CC9B27724F110093171A /* OrderedCollections */ = {
			isa = XCSwiftPackageProductDependency;
			package = 1372CC9A27724F110093171A /* XCRemoteSwiftPackageReference "swift-collections" */;
			productName = OrderedCollections;
		};
		13D3EFCD27A8CC1000B2B15F /* Then */ = {
			isa = XCSwiftPackageProductDependency;
			package = 13D3EFCC27A8CC1000B2B15F /* XCRemoteSwiftPackageReference "Then" */;
			productName = Then;
		};
/* End XCSwiftPackageProductDependency section */

/* Begin XCVersionGroup section */
		1319711E26F3DAD400471846 /* PrismUI.xcdatamodeld */ = {
			isa = XCVersionGroup;
			children = (
				1319711F26F3DAD400471846 /* PrismSwiftUI.xcdatamodel */,
			);
			currentVersion = 1319711F26F3DAD400471846 /* PrismSwiftUI.xcdatamodel */;
			path = PrismUI.xcdatamodeld;
			sourceTree = "<group>";
			versionGroupType = wrapper.xcdatamodel;
		};
/* End XCVersionGroup section */
	};
	rootObject = 1319710826F3DAD300471846 /* Project object */;
}
